// !$*UTF8*$!
{
	archiveVersion = 1;
	classes = {
	};
	objectVersion = 46;
	objects = {

/* Begin PBXBuildFile section */
		09D6457BEA6349B19EB91D72 /* libPods.a in Frameworks */ = {isa = PBXBuildFile; fileRef = 0D877E36C9014414BF51AAF5 /* libPods.a */; };
		493377691722EAC6008E0CDA /* bar.png in Resources */ = {isa = PBXBuildFile; fileRef = 493377681722EAC6008E0CDA /* bar.png */; };
		493377731722EAE5008E0CDA /* table_button_down_pressed.png in Resources */ = {isa = PBXBuildFile; fileRef = 4933776A1722EAE5008E0CDA /* table_button_down_pressed.png */; };
		493377741722EAE5008E0CDA /* table_button_down.png in Resources */ = {isa = PBXBuildFile; fileRef = 4933776B1722EAE5008E0CDA /* table_button_down.png */; };
		493377751722EAE5008E0CDA /* table_button_mid_pressed.png in Resources */ = {isa = PBXBuildFile; fileRef = 4933776C1722EAE5008E0CDA /* table_button_mid_pressed.png */; };
		493377761722EAE5008E0CDA /* table_button_mid.png in Resources */ = {isa = PBXBuildFile; fileRef = 4933776D1722EAE5008E0CDA /* table_button_mid.png */; };
		493377771722EAE5008E0CDA /* table_button_single_pressed.png in Resources */ = {isa = PBXBuildFile; fileRef = 4933776E1722EAE5008E0CDA /* table_button_single_pressed.png */; };
		493377781722EAE5008E0CDA /* table_button_single.png in Resources */ = {isa = PBXBuildFile; fileRef = 4933776F1722EAE5008E0CDA /* table_button_single.png */; };
		493377791722EAE5008E0CDA /* table_button_top_pressed.png in Resources */ = {isa = PBXBuildFile; fileRef = 493377701722EAE5008E0CDA /* table_button_top_pressed.png */; };
		4933777A1722EAE5008E0CDA /* table_button_top.png in Resources */ = {isa = PBXBuildFile; fileRef = 493377711722EAE5008E0CDA /* table_button_top.png */; };
		4933777B1722EAE5008E0CDA /* tableBackgroundIpad@2x.png in Resources */ = {isa = PBXBuildFile; fileRef = 493377721722EAE5008E0CDA /* tableBackgroundIpad@2x.png */; };
		4933777D1722EF08008E0CDA /* MessageUI.framework in Frameworks */ = {isa = PBXBuildFile; fileRef = 4933777C1722EF08008E0CDA /* MessageUI.framework */; };
		494EE8CF171C829000BDE45D /* settings_pressed.png in Resources */ = {isa = PBXBuildFile; fileRef = 494EE8CB171C829000BDE45D /* settings_pressed.png */; };
		494EE8D0171C829000BDE45D /* settings_pressed@2x.png in Resources */ = {isa = PBXBuildFile; fileRef = 494EE8CC171C829000BDE45D /* settings_pressed@2x.png */; };
		494EE8D1171C829000BDE45D /* settings.png in Resources */ = {isa = PBXBuildFile; fileRef = 494EE8CD171C829000BDE45D /* settings.png */; };
		494EE8D2171C829000BDE45D /* settings@2x.png in Resources */ = {isa = PBXBuildFile; fileRef = 494EE8CE171C829000BDE45D /* settings@2x.png */; };
		494EE8DF171C877900BDE45D /* icon_0.png in Resources */ = {isa = PBXBuildFile; fileRef = 494EE8D3171C877900BDE45D /* icon_0.png */; };
		494EE8E0171C877900BDE45D /* icon_1.png in Resources */ = {isa = PBXBuildFile; fileRef = 494EE8D4171C877900BDE45D /* icon_1.png */; };
		494EE8E1171C877900BDE45D /* icon_2.png in Resources */ = {isa = PBXBuildFile; fileRef = 494EE8D5171C877900BDE45D /* icon_2.png */; };
		494EE8E2171C877900BDE45D /* icon_3.png in Resources */ = {isa = PBXBuildFile; fileRef = 494EE8D6171C877900BDE45D /* icon_3.png */; };
		494EE8E3171C877900BDE45D /* icon_4.png in Resources */ = {isa = PBXBuildFile; fileRef = 494EE8D7171C877900BDE45D /* icon_4.png */; };
		494EE8E4171C877900BDE45D /* icon_5.png in Resources */ = {isa = PBXBuildFile; fileRef = 494EE8D8171C877900BDE45D /* icon_5.png */; };
		494EE8E5171C877900BDE45D /* icon_6.png in Resources */ = {isa = PBXBuildFile; fileRef = 494EE8D9171C877900BDE45D /* icon_6.png */; };
		494EE8E6171C877900BDE45D /* icon_7.png in Resources */ = {isa = PBXBuildFile; fileRef = 494EE8DA171C877900BDE45D /* icon_7.png */; };
		494EE8E7171C877900BDE45D /* icon_8.png in Resources */ = {isa = PBXBuildFile; fileRef = 494EE8DB171C877900BDE45D /* icon_8.png */; };
		494EE8E8171C877900BDE45D /* icon_9.png in Resources */ = {isa = PBXBuildFile; fileRef = 494EE8DC171C877900BDE45D /* icon_9.png */; };
		494EE8E9171C877900BDE45D /* icon_10.png in Resources */ = {isa = PBXBuildFile; fileRef = 494EE8DD171C877900BDE45D /* icon_10.png */; };
		494EE8EA171C877900BDE45D /* restore_purchases.png in Resources */ = {isa = PBXBuildFile; fileRef = 494EE8DE171C877900BDE45D /* restore_purchases.png */; };
		494EE8EC171C8E7400BDE45D /* icon144-no-borders.png in Resources */ = {isa = PBXBuildFile; fileRef = 494EE8EB171C8E7400BDE45D /* icon144-no-borders.png */; };
		496355761712E51700EEB5DA /* icon57.png in Resources */ = {isa = PBXBuildFile; fileRef = 496355751712E51700EEB5DA /* icon57.png */; };
		496355781712E51A00EEB5DA /* icon114.png in Resources */ = {isa = PBXBuildFile; fileRef = 496355771712E51A00EEB5DA /* icon114.png */; };
		4963557A1712E52600EEB5DA /* icon72.png in Resources */ = {isa = PBXBuildFile; fileRef = 496355791712E52600EEB5DA /* icon72.png */; };
		4963557C1712E52D00EEB5DA /* icon144.png in Resources */ = {isa = PBXBuildFile; fileRef = 4963557B1712E52D00EEB5DA /* icon144.png */; };
		4963557E1712EA4D00EEB5DA /* libxml2.dylib in Frameworks */ = {isa = PBXBuildFile; fileRef = 4963557D1712EA4D00EEB5DA /* libxml2.dylib */; };
		49750CF5170B5A1300ED9AA4 /* UIKit.framework in Frameworks */ = {isa = PBXBuildFile; fileRef = 49750CF4170B5A1300ED9AA4 /* UIKit.framework */; };
		49750CF7170B5A1300ED9AA4 /* Foundation.framework in Frameworks */ = {isa = PBXBuildFile; fileRef = 49750CF6170B5A1300ED9AA4 /* Foundation.framework */; };
		49750CF9170B5A1300ED9AA4 /* CoreGraphics.framework in Frameworks */ = {isa = PBXBuildFile; fileRef = 49750CF8170B5A1300ED9AA4 /* CoreGraphics.framework */; };
		49750CFF170B5A1300ED9AA4 /* InfoPlist.strings in Resources */ = {isa = PBXBuildFile; fileRef = 49750CFD170B5A1300ED9AA4 /* InfoPlist.strings */; };
		49750D01170B5A1300ED9AA4 /* main.m in Sources */ = {isa = PBXBuildFile; fileRef = 49750D00170B5A1300ED9AA4 /* main.m */; };
		49750D05170B5A1300ED9AA4 /* AppDelegate.m in Sources */ = {isa = PBXBuildFile; fileRef = 49750D04170B5A1300ED9AA4 /* AppDelegate.m */; };
		497A781D171F23B300EE86D6 /* element-locked.png in Resources */ = {isa = PBXBuildFile; fileRef = 497A781B171F23B300EE86D6 /* element-locked.png */; };
		497A781E171F23B300EE86D6 /* element.png in Resources */ = {isa = PBXBuildFile; fileRef = 497A781C171F23B300EE86D6 /* element.png */; };
		49AEFB141718A848003BF191 /* Default-Portrait~ipad.png in Resources */ = {isa = PBXBuildFile; fileRef = 49AEFB131718A848003BF191 /* Default-Portrait~ipad.png */; };
		49AEFB161718A857003BF191 /* Default-Portrait@2x~ipad.png in Resources */ = {isa = PBXBuildFile; fileRef = 49AEFB151718A857003BF191 /* Default-Portrait@2x~ipad.png */; };
		49B713DE170CB0580032B42E /* QuickLook.framework in Frameworks */ = {isa = PBXBuildFile; fileRef = 49B713DD170CB0580032B42E /* QuickLook.framework */; };
		49C60A94170E2C3F009327CA /* Homeworks.bundle in Resources */ = {isa = PBXBuildFile; fileRef = 49C60A93170E2C3F009327CA /* Homeworks.bundle */; };
		49EAF44E170F1BBA0023DA83 /* StoreKit.framework in Frameworks */ = {isa = PBXBuildFile; fileRef = 49EAF44D170F1BBA0023DA83 /* StoreKit.framework */; };
		49EEE1FF17181047009E1BBF /* Default@2x.png in Resources */ = {isa = PBXBuildFile; fileRef = 49EEE1FE17181047009E1BBF /* Default@2x.png */; };
		49EEE2011718105B009E1BBF /* Default-568h@2x.png in Resources */ = {isa = PBXBuildFile; fileRef = 49EEE2001718105B009E1BBF /* Default-568h@2x.png */; };
		49EEE20317181074009E1BBF /* Default.png in Resources */ = {isa = PBXBuildFile; fileRef = 49EEE20217181074009E1BBF /* Default.png */; };
		57DA35CC17DA1BCD000E41D9 /* main.m in Sources */ = {isa = PBXBuildFile; fileRef = 49750D00170B5A1300ED9AA4 /* main.m */; };
		57DA35CD17DA1BCD000E41D9 /* AppDelegate.m in Sources */ = {isa = PBXBuildFile; fileRef = 49750D04170B5A1300ED9AA4 /* AppDelegate.m */; };
		57DA35CE17DA1BCD000E41D9 /* StartScreenViewController.m in Sources */ = {isa = PBXBuildFile; fileRef = A56A156E4079E3000BCFF927 /* StartScreenViewController.m */; };
		57DA35CF17DA1BCD000E41D9 /* NSObject+homeWorksServiceLocator.m in Sources */ = {isa = PBXBuildFile; fileRef = A56A11C8D7B979E0D92412E5 /* NSObject+homeWorksServiceLocator.m */; };
		57DA35D017DA1BCD000E41D9 /* TermsViewController.m in Sources */ = {isa = PBXBuildFile; fileRef = A56A1FB0E20021539C79236E /* TermsViewController.m */; };
		57DA35D117DA1BCD000E41D9 /* SubjectsViewController.m in Sources */ = {isa = PBXBuildFile; fileRef = A56A1FE17BF410819B48D96C /* SubjectsViewController.m */; };
		57DA35D217DA1BCD000E41D9 /* BooksViewController.m in Sources */ = {isa = PBXBuildFile; fileRef = A56A17836D536C022D4A7A6A /* BooksViewController.m */; };
		57DA35D317DA1BCD000E41D9 /* AnswerViewCell.m in Sources */ = {isa = PBXBuildFile; fileRef = A56A1F39D3850BB351A00790 /* AnswerViewCell.m */; };
		57DA35D417DA1BCD000E41D9 /* AnswersViewController.m in Sources */ = {isa = PBXBuildFile; fileRef = A56A19FE40A2EF55F0547E2B /* AnswersViewController.m */; };
		57DA35D517DA1BCD000E41D9 /* TermTableViewCell.m in Sources */ = {isa = PBXBuildFile; fileRef = A56A1327335BF7403CC9BBDA /* TermTableViewCell.m */; };
		57DA35D617DA1BCD000E41D9 /* SubjectTableVIewCell.m in Sources */ = {isa = PBXBuildFile; fileRef = A56A1909590A86CBEC5AD7AF /* SubjectTableVIewCell.m */; };
		57DA35D717DA1BCD000E41D9 /* BookTableViewCell.m in Sources */ = {isa = PBXBuildFile; fileRef = A56A1117080B3574D6A8D70C /* BookTableViewCell.m */; };
		57DA35D817DA1BCD000E41D9 /* AnswersViewHeader.m in Sources */ = {isa = PBXBuildFile; fileRef = A56A1DAE221759AB60FD31CB /* AnswersViewHeader.m */; };
		57DA35D917DA1BCD000E41D9 /* InfoViewController.m in Sources */ = {isa = PBXBuildFile; fileRef = A56A10372EFAFB2A4F58F41F /* InfoViewController.m */; };
		57DA35DA17DA1BCD000E41D9 /* AnswerFileURL.m in Sources */ = {isa = PBXBuildFile; fileRef = A56A15CB774EB0A84FC9D920 /* AnswerFileURL.m */; };
		57DA35DB17DA1BCD000E41D9 /* HomeworksTableViewController.m in Sources */ = {isa = PBXBuildFile; fileRef = A56A1D08724D2D6E0F0E6E9F /* HomeworksTableViewController.m */; };
		57DA35DC17DA1BCD000E41D9 /* UIImage+crop.m in Sources */ = {isa = PBXBuildFile; fileRef = A56A16B07505E162DFE05258 /* UIImage+crop.m */; };
		57DA35DD17DA1BCD000E41D9 /* AnswersViewFooter.m in Sources */ = {isa = PBXBuildFile; fileRef = A56A18099CC70D2430739F0D /* AnswersViewFooter.m */; };
		57DA35DE17DA1BCD000E41D9 /* ShowIpadListSegue.m in Sources */ = {isa = PBXBuildFile; fileRef = A56A133599DE2089878A966B /* ShowIpadListSegue.m */; };
		57DA35DF17DA1BCD000E41D9 /* PushLayerSegue.m in Sources */ = {isa = PBXBuildFile; fileRef = A56A125A8CEB591F9529E586 /* PushLayerSegue.m */; };
		57DA35E017DA1BCD000E41D9 /* ConcreateAnswerViewController.m in Sources */ = {isa = PBXBuildFile; fileRef = A56A14325489779303F64C4A /* ConcreateAnswerViewController.m */; };
		57DA35E217DA1BCD000E41D9 /* MessageUI.framework in Frameworks */ = {isa = PBXBuildFile; fileRef = 4933777C1722EF08008E0CDA /* MessageUI.framework */; };
		57DA35E317DA1BCD000E41D9 /* libxml2.dylib in Frameworks */ = {isa = PBXBuildFile; fileRef = 4963557D1712EA4D00EEB5DA /* libxml2.dylib */; };
		57DA35E417DA1BCD000E41D9 /* StoreKit.framework in Frameworks */ = {isa = PBXBuildFile; fileRef = 49EAF44D170F1BBA0023DA83 /* StoreKit.framework */; };
		57DA35E517DA1BCD000E41D9 /* QuickLook.framework in Frameworks */ = {isa = PBXBuildFile; fileRef = 49B713DD170CB0580032B42E /* QuickLook.framework */; };
		57DA35E617DA1BCD000E41D9 /* UIKit.framework in Frameworks */ = {isa = PBXBuildFile; fileRef = 49750CF4170B5A1300ED9AA4 /* UIKit.framework */; };
		57DA35E717DA1BCD000E41D9 /* Foundation.framework in Frameworks */ = {isa = PBXBuildFile; fileRef = 49750CF6170B5A1300ED9AA4 /* Foundation.framework */; };
		57DA35E817DA1BCD000E41D9 /* CoreGraphics.framework in Frameworks */ = {isa = PBXBuildFile; fileRef = 49750CF8170B5A1300ED9AA4 /* CoreGraphics.framework */; };
		57DA35E917DA1BCD000E41D9 /* libPods.a in Frameworks */ = {isa = PBXBuildFile; fileRef = 0D877E36C9014414BF51AAF5 /* libPods.a */; };
		57DA35EB17DA1BCD000E41D9 /* InfoPlist.strings in Resources */ = {isa = PBXBuildFile; fileRef = 49750CFD170B5A1300ED9AA4 /* InfoPlist.strings */; };
		57DA35EC17DA1BCD000E41D9 /* MainStoryboard_iPhone.storyboard in Resources */ = {isa = PBXBuildFile; fileRef = A56A18693D546D2C7FDC9D1D /* MainStoryboard_iPhone.storyboard */; };
		57DA35ED17DA1BCD000E41D9 /* MainStoryboard_iPad.storyboard in Resources */ = {isa = PBXBuildFile; fileRef = A56A10717565D0C14C4F88CF /* MainStoryboard_iPad.storyboard */; };
		57DA35EE17DA1BCD000E41D9 /* Homeworks.bundle in Resources */ = {isa = PBXBuildFile; fileRef = 49C60A93170E2C3F009327CA /* Homeworks.bundle */; };
		57DA35EF17DA1BCD000E41D9 /* icon57.png in Resources */ = {isa = PBXBuildFile; fileRef = 496355751712E51700EEB5DA /* icon57.png */; };
		57DA35F017DA1BCD000E41D9 /* icon114.png in Resources */ = {isa = PBXBuildFile; fileRef = 496355771712E51A00EEB5DA /* icon114.png */; };
		57DA35F117DA1BCD000E41D9 /* icon72.png in Resources */ = {isa = PBXBuildFile; fileRef = 496355791712E52600EEB5DA /* icon72.png */; };
		57DA35F217DA1BCD000E41D9 /* icon144.png in Resources */ = {isa = PBXBuildFile; fileRef = 4963557B1712E52D00EEB5DA /* icon144.png */; };
		57DA35F317DA1BCD000E41D9 /* bar@2x.png in Resources */ = {isa = PBXBuildFile; fileRef = A56A123732927F7AE32EE906 /* bar@2x.png */; };
		57DA35F417DA1BCD000E41D9 /* tableBackground@2x.png in Resources */ = {isa = PBXBuildFile; fileRef = A56A10732A21C11AE6B47D6A /* tableBackground@2x.png */; };
		57DA35F517DA1BCD000E41D9 /* table_button_down_pressed@2x.png in Resources */ = {isa = PBXBuildFile; fileRef = A56A15F3CD3C6640C93EA821 /* table_button_down_pressed@2x.png */; };
		57DA35F617DA1BCD000E41D9 /* table_button_down@2x.png in Resources */ = {isa = PBXBuildFile; fileRef = A56A165B5B86881D32761C9E /* table_button_down@2x.png */; };
		57DA35F717DA1BCD000E41D9 /* table_button_mid_pressed@2x.png in Resources */ = {isa = PBXBuildFile; fileRef = A56A1178308F8211D5BEB5D7 /* table_button_mid_pressed@2x.png */; };
		57DA35F817DA1BCD000E41D9 /* table_button_mid@2x.png in Resources */ = {isa = PBXBuildFile; fileRef = A56A18F86ACD0AEA9093D523 /* table_button_mid@2x.png */; };
		57DA35F917DA1BCD000E41D9 /* table_button_top_pressed@2x.png in Resources */ = {isa = PBXBuildFile; fileRef = A56A196980BEC5B66AD919EE /* table_button_top_pressed@2x.png */; };
		57DA35FA17DA1BCD000E41D9 /* table_button_top@2x.png in Resources */ = {isa = PBXBuildFile; fileRef = A56A1AD8E917244405659786 /* table_button_top@2x.png */; };
		57DA35FB17DA1BCD000E41D9 /* icon_1@2x.png in Resources */ = {isa = PBXBuildFile; fileRef = A56A18BCC1B06EEBB2B23748 /* icon_1@2x.png */; };
		57DA35FC17DA1BCD000E41D9 /* icon_2@2x.png in Resources */ = {isa = PBXBuildFile; fileRef = A56A133323BCF7B71C3A69B5 /* icon_2@2x.png */; };
		57DA35FD17DA1BCD000E41D9 /* icon_3@2x.png in Resources */ = {isa = PBXBuildFile; fileRef = A56A173BFAC8E0AE5642F505 /* icon_3@2x.png */; };
		57DA35FE17DA1BCD000E41D9 /* icon_4@2x.png in Resources */ = {isa = PBXBuildFile; fileRef = A56A13DCE63D602E38B5FB28 /* icon_4@2x.png */; };
		57DA35FF17DA1BCD000E41D9 /* icon_5@2x.png in Resources */ = {isa = PBXBuildFile; fileRef = A56A189519249D51D8850EB5 /* icon_5@2x.png */; };
		57DA360017DA1BCD000E41D9 /* icon_6@2x.png in Resources */ = {isa = PBXBuildFile; fileRef = A56A1543312044B358734366 /* icon_6@2x.png */; };
		57DA360117DA1BCD000E41D9 /* icon_7@2x.png in Resources */ = {isa = PBXBuildFile; fileRef = A56A1A6E2DDDDE3026820151 /* icon_7@2x.png */; };
		57DA360217DA1BCD000E41D9 /* icon_8@2x.png in Resources */ = {isa = PBXBuildFile; fileRef = A56A182D835AA39F947BBC12 /* icon_8@2x.png */; };
		57DA360317DA1BCD000E41D9 /* icon_9@2x.png in Resources */ = {isa = PBXBuildFile; fileRef = A56A1A9695505FE6E0373849 /* icon_9@2x.png */; };
		57DA360417DA1BCD000E41D9 /* icon_10@2x.png in Resources */ = {isa = PBXBuildFile; fileRef = A56A10E08CA85227B3AD7A8E /* icon_10@2x.png */; };
		57DA360517DA1BCD000E41D9 /* element@2x.png in Resources */ = {isa = PBXBuildFile; fileRef = A56A105F72BAC07F90C474F5 /* element@2x.png */; };
		57DA360617DA1BCD000E41D9 /* element-locked@2x.png in Resources */ = {isa = PBXBuildFile; fileRef = A56A10A05949C893FFEE8AD9 /* element-locked@2x.png */; };
		57DA360717DA1BCD000E41D9 /* table_button_single_pressed@2x.png in Resources */ = {isa = PBXBuildFile; fileRef = A56A1E53714FA3A8B36D8C2C /* table_button_single_pressed@2x.png */; };
		57DA360817DA1BCD000E41D9 /* table_button_single@2x.png in Resources */ = {isa = PBXBuildFile; fileRef = A56A15A09C9F24CE33C9A771 /* table_button_single@2x.png */; };
		57DA360917DA1BCD000E41D9 /* icon_0@2x.png in Resources */ = {isa = PBXBuildFile; fileRef = A56A19E1341606E9A64CD8F0 /* icon_0@2x.png */; };
		57DA360A17DA1BCD000E41D9 /* restore_purchases@2x.png in Resources */ = {isa = PBXBuildFile; fileRef = A56A1BD0CB10D9837ECEE494 /* restore_purchases@2x.png */; };
		57DA360B17DA1BCD000E41D9 /* Default@2x.png in Resources */ = {isa = PBXBuildFile; fileRef = 49EEE1FE17181047009E1BBF /* Default@2x.png */; };
		57DA360C17DA1BCD000E41D9 /* Default-568h@2x.png in Resources */ = {isa = PBXBuildFile; fileRef = 49EEE2001718105B009E1BBF /* Default-568h@2x.png */; };
		57DA360D17DA1BCD000E41D9 /* Default.png in Resources */ = {isa = PBXBuildFile; fileRef = 49EEE20217181074009E1BBF /* Default.png */; };
		57DA360E17DA1BCD000E41D9 /* Default-Portrait~ipad.png in Resources */ = {isa = PBXBuildFile; fileRef = 49AEFB131718A848003BF191 /* Default-Portrait~ipad.png */; };
		57DA360F17DA1BCD000E41D9 /* Default-Portrait@2x~ipad.png in Resources */ = {isa = PBXBuildFile; fileRef = 49AEFB151718A857003BF191 /* Default-Portrait@2x~ipad.png */; };
		57DA361017DA1BCD000E41D9 /* settings_pressed.png in Resources */ = {isa = PBXBuildFile; fileRef = 494EE8CB171C829000BDE45D /* settings_pressed.png */; };
		57DA361117DA1BCD000E41D9 /* settings_pressed@2x.png in Resources */ = {isa = PBXBuildFile; fileRef = 494EE8CC171C829000BDE45D /* settings_pressed@2x.png */; };
		57DA361217DA1BCD000E41D9 /* settings.png in Resources */ = {isa = PBXBuildFile; fileRef = 494EE8CD171C829000BDE45D /* settings.png */; };
		57DA361317DA1BCD000E41D9 /* settings@2x.png in Resources */ = {isa = PBXBuildFile; fileRef = 494EE8CE171C829000BDE45D /* settings@2x.png */; };
		57DA361417DA1BCD000E41D9 /* icon_0.png in Resources */ = {isa = PBXBuildFile; fileRef = 494EE8D3171C877900BDE45D /* icon_0.png */; };
		57DA361517DA1BCD000E41D9 /* icon_1.png in Resources */ = {isa = PBXBuildFile; fileRef = 494EE8D4171C877900BDE45D /* icon_1.png */; };
		57DA361617DA1BCD000E41D9 /* icon_2.png in Resources */ = {isa = PBXBuildFile; fileRef = 494EE8D5171C877900BDE45D /* icon_2.png */; };
		57DA361717DA1BCD000E41D9 /* icon_3.png in Resources */ = {isa = PBXBuildFile; fileRef = 494EE8D6171C877900BDE45D /* icon_3.png */; };
		57DA361817DA1BCD000E41D9 /* icon_4.png in Resources */ = {isa = PBXBuildFile; fileRef = 494EE8D7171C877900BDE45D /* icon_4.png */; };
		57DA361917DA1BCD000E41D9 /* icon_5.png in Resources */ = {isa = PBXBuildFile; fileRef = 494EE8D8171C877900BDE45D /* icon_5.png */; };
		57DA361A17DA1BCD000E41D9 /* icon_6.png in Resources */ = {isa = PBXBuildFile; fileRef = 494EE8D9171C877900BDE45D /* icon_6.png */; };
		57DA361B17DA1BCD000E41D9 /* icon_7.png in Resources */ = {isa = PBXBuildFile; fileRef = 494EE8DA171C877900BDE45D /* icon_7.png */; };
		57DA361C17DA1BCD000E41D9 /* icon_8.png in Resources */ = {isa = PBXBuildFile; fileRef = 494EE8DB171C877900BDE45D /* icon_8.png */; };
		57DA361D17DA1BCD000E41D9 /* icon_9.png in Resources */ = {isa = PBXBuildFile; fileRef = 494EE8DC171C877900BDE45D /* icon_9.png */; };
		57DA361E17DA1BCD000E41D9 /* icon_10.png in Resources */ = {isa = PBXBuildFile; fileRef = 494EE8DD171C877900BDE45D /* icon_10.png */; };
		57DA361F17DA1BCD000E41D9 /* restore_purchases.png in Resources */ = {isa = PBXBuildFile; fileRef = 494EE8DE171C877900BDE45D /* restore_purchases.png */; };
		57DA362017DA1BCD000E41D9 /* icon144-no-borders.png in Resources */ = {isa = PBXBuildFile; fileRef = 494EE8EB171C8E7400BDE45D /* icon144-no-borders.png */; };
		57DA362117DA1BCD000E41D9 /* element-locked.png in Resources */ = {isa = PBXBuildFile; fileRef = 497A781B171F23B300EE86D6 /* element-locked.png */; };
		57DA362217DA1BCD000E41D9 /* element.png in Resources */ = {isa = PBXBuildFile; fileRef = 497A781C171F23B300EE86D6 /* element.png */; };
		57DA362317DA1BCD000E41D9 /* bar.png in Resources */ = {isa = PBXBuildFile; fileRef = 493377681722EAC6008E0CDA /* bar.png */; };
		57DA362417DA1BCD000E41D9 /* table_button_down_pressed.png in Resources */ = {isa = PBXBuildFile; fileRef = 4933776A1722EAE5008E0CDA /* table_button_down_pressed.png */; };
		57DA362517DA1BCD000E41D9 /* table_button_down.png in Resources */ = {isa = PBXBuildFile; fileRef = 4933776B1722EAE5008E0CDA /* table_button_down.png */; };
		57DA362617DA1BCD000E41D9 /* table_button_mid_pressed.png in Resources */ = {isa = PBXBuildFile; fileRef = 4933776C1722EAE5008E0CDA /* table_button_mid_pressed.png */; };
		57DA362717DA1BCD000E41D9 /* table_button_mid.png in Resources */ = {isa = PBXBuildFile; fileRef = 4933776D1722EAE5008E0CDA /* table_button_mid.png */; };
		57DA362817DA1BCD000E41D9 /* table_button_single_pressed.png in Resources */ = {isa = PBXBuildFile; fileRef = 4933776E1722EAE5008E0CDA /* table_button_single_pressed.png */; };
		57DA362917DA1BCD000E41D9 /* table_button_single.png in Resources */ = {isa = PBXBuildFile; fileRef = 4933776F1722EAE5008E0CDA /* table_button_single.png */; };
		57DA362A17DA1BCD000E41D9 /* table_button_top_pressed.png in Resources */ = {isa = PBXBuildFile; fileRef = 493377701722EAE5008E0CDA /* table_button_top_pressed.png */; };
		57DA362B17DA1BCD000E41D9 /* table_button_top.png in Resources */ = {isa = PBXBuildFile; fileRef = 493377711722EAE5008E0CDA /* table_button_top.png */; };
		57DA362C17DA1BCD000E41D9 /* tableBackgroundIpad@2x.png in Resources */ = {isa = PBXBuildFile; fileRef = 493377721722EAE5008E0CDA /* tableBackgroundIpad@2x.png */; };
		57DA362F17DA1BCD000E41D9 /* TermsViewController.h in CopyFiles */ = {isa = PBXBuildFile; fileRef = A56A1977D03C72A8034D016E /* TermsViewController.h */; };
		57DA363017DA1BCD000E41D9 /* SubjectsViewController.h in CopyFiles */ = {isa = PBXBuildFile; fileRef = A56A1502A9262C834672A558 /* SubjectsViewController.h */; };
		57DA363117DA1BCD000E41D9 /* BooksViewController.h in CopyFiles */ = {isa = PBXBuildFile; fileRef = A56A193F9E707377BDB188D7 /* BooksViewController.h */; };
		57DA363217DA1BCD000E41D9 /* AnswerViewCell.h in CopyFiles */ = {isa = PBXBuildFile; fileRef = A56A12D67073BA0094EC3460 /* AnswerViewCell.h */; };
		57DA363317DA1BCD000E41D9 /* TermTableViewCell.h in CopyFiles */ = {isa = PBXBuildFile; fileRef = A56A100983717C68C80AB82B /* TermTableViewCell.h */; };
		57DA363417DA1BCD000E41D9 /* SubjectTableVIewCell.h in CopyFiles */ = {isa = PBXBuildFile; fileRef = A56A1ADF44A9E293852B5B45 /* SubjectTableVIewCell.h */; };
		57DA363517DA1BCD000E41D9 /* BookTableViewCell.h in CopyFiles */ = {isa = PBXBuildFile; fileRef = A56A1092FAAB82E7DDCF7428 /* BookTableViewCell.h */; };
		57DA363617DA1BCD000E41D9 /* AnswersViewHeader.h in CopyFiles */ = {isa = PBXBuildFile; fileRef = A56A1BE847B57A0029BE4273 /* AnswersViewHeader.h */; };
		57DA363717DA1BCD000E41D9 /* InfoViewController.h in CopyFiles */ = {isa = PBXBuildFile; fileRef = A56A1C20388DA491084BDE68 /* InfoViewController.h */; };
		57DA363817DA1BCD000E41D9 /* AnswerFileURL.h in CopyFiles */ = {isa = PBXBuildFile; fileRef = A56A1DB39BFCE2978D68FCB6 /* AnswerFileURL.h */; };
		57DA363917DA1BCD000E41D9 /* HomeworksTableViewController.h in CopyFiles */ = {isa = PBXBuildFile; fileRef = A56A1A683FB9ED470FEE0C5A /* HomeworksTableViewController.h */; };
		57DA363A17DA1BCD000E41D9 /* UIImage+crop.h in CopyFiles */ = {isa = PBXBuildFile; fileRef = A56A198A6D246393CE6CA476 /* UIImage+crop.h */; };
		57DA363B17DA1BCD000E41D9 /* AnswersViewFooter.h in CopyFiles */ = {isa = PBXBuildFile; fileRef = A56A1CAA1E69D8426CBDCABC /* AnswersViewFooter.h */; };
		57DA363C17DA1BCD000E41D9 /* ShowIpadListSegue.h in CopyFiles */ = {isa = PBXBuildFile; fileRef = A56A1014B5638168D3E42519 /* ShowIpadListSegue.h */; };
		57DA363D17DA1BCD000E41D9 /* PushLayerSegue.h in CopyFiles */ = {isa = PBXBuildFile; fileRef = A56A19F4FB3F8AAC05013DDD /* PushLayerSegue.h */; };
		57DA363E17DA1BCD000E41D9 /* ConcreateAnswerViewController.h in CopyFiles */ = {isa = PBXBuildFile; fileRef = A56A1D65604D0D70314AD7F0 /* ConcreateAnswerViewController.h */; };
		A56A1034972868831A7211DD /* bar@2x.png in Resources */ = {isa = PBXBuildFile; fileRef = A56A123732927F7AE32EE906 /* bar@2x.png */; };
		A56A10F3B3C2C0A239AA1139 /* InfoViewController.m in Sources */ = {isa = PBXBuildFile; fileRef = A56A10372EFAFB2A4F58F41F /* InfoViewController.m */; };
		A56A11555FF85B464D084028 /* SubjectsViewController.h in CopyFiles */ = {isa = PBXBuildFile; fileRef = A56A1502A9262C834672A558 /* SubjectsViewController.h */; };
		A56A1198228B8AAC050D7432 /* AnswersViewFooter.h in CopyFiles */ = {isa = PBXBuildFile; fileRef = A56A1CAA1E69D8426CBDCABC /* AnswersViewFooter.h */; };
		A56A11BEBE17D6A3CED803D3 /* ShowIpadListSegue.h in CopyFiles */ = {isa = PBXBuildFile; fileRef = A56A1014B5638168D3E42519 /* ShowIpadListSegue.h */; };
		A56A11D1A84D8275F04A09DF /* ConcreateAnswerViewController.h in CopyFiles */ = {isa = PBXBuildFile; fileRef = A56A1D65604D0D70314AD7F0 /* ConcreateAnswerViewController.h */; };
		A56A11DB2DE0ECD2CEEB2A03 /* table_button_down@2x.png in Resources */ = {isa = PBXBuildFile; fileRef = A56A165B5B86881D32761C9E /* table_button_down@2x.png */; };
		A56A11F3B73EBE09BFFFFB5E /* TermsViewController.h in CopyFiles */ = {isa = PBXBuildFile; fileRef = A56A1977D03C72A8034D016E /* TermsViewController.h */; };
		A56A1205FC1DC015EAD85345 /* icon_3@2x.png in Resources */ = {isa = PBXBuildFile; fileRef = A56A173BFAC8E0AE5642F505 /* icon_3@2x.png */; };
		A56A120A3750466D1BFBC569 /* MainStoryboard_iPhone.storyboard in Resources */ = {isa = PBXBuildFile; fileRef = A56A18693D546D2C7FDC9D1D /* MainStoryboard_iPhone.storyboard */; };
		A56A122A29BD55618022CC21 /* TermsViewController.m in Sources */ = {isa = PBXBuildFile; fileRef = A56A1FB0E20021539C79236E /* TermsViewController.m */; };
		A56A1247AA8B018C88FB6503 /* icon_4@2x.png in Resources */ = {isa = PBXBuildFile; fileRef = A56A13DCE63D602E38B5FB28 /* icon_4@2x.png */; };
		A56A12549E0DCC48BF613011 /* icon_10@2x.png in Resources */ = {isa = PBXBuildFile; fileRef = A56A10E08CA85227B3AD7A8E /* icon_10@2x.png */; };
		A56A12AA39FB967111673843 /* restore_purchases@2x.png in Resources */ = {isa = PBXBuildFile; fileRef = A56A1BD0CB10D9837ECEE494 /* restore_purchases@2x.png */; };
		A56A12BE14C826F511E1E899 /* table_button_top_pressed@2x.png in Resources */ = {isa = PBXBuildFile; fileRef = A56A196980BEC5B66AD919EE /* table_button_top_pressed@2x.png */; };
		A56A1327CF4722458B5DEA1E /* tableBackground@2x.png in Resources */ = {isa = PBXBuildFile; fileRef = A56A10732A21C11AE6B47D6A /* tableBackground@2x.png */; };
		A56A134FC556F0578D75B3BE /* table_button_top@2x.png in Resources */ = {isa = PBXBuildFile; fileRef = A56A1AD8E917244405659786 /* table_button_top@2x.png */; };
		A56A1359A1FC210649BBD764 /* TermTableViewCell.m in Sources */ = {isa = PBXBuildFile; fileRef = A56A1327335BF7403CC9BBDA /* TermTableViewCell.m */; };
		A56A136B32FE8CA4DFD98C36 /* AnswerViewCell.h in CopyFiles */ = {isa = PBXBuildFile; fileRef = A56A12D67073BA0094EC3460 /* AnswerViewCell.h */; };
		A56A13EA496CF87C0D4B4A58 /* BookTableViewCell.h in CopyFiles */ = {isa = PBXBuildFile; fileRef = A56A1092FAAB82E7DDCF7428 /* BookTableViewCell.h */; };
		A56A1469FF6AD44CC0614979 /* AnswerFileURL.m in Sources */ = {isa = PBXBuildFile; fileRef = A56A15CB774EB0A84FC9D920 /* AnswerFileURL.m */; };
		A56A14AA230785B46916A1C0 /* icon_8@2x.png in Resources */ = {isa = PBXBuildFile; fileRef = A56A182D835AA39F947BBC12 /* icon_8@2x.png */; };
		A56A14C8303384916FC2F985 /* AnswersViewHeader.h in CopyFiles */ = {isa = PBXBuildFile; fileRef = A56A1BE847B57A0029BE4273 /* AnswersViewHeader.h */; };
		A56A15C5FD1C3FCB66ABBCFF /* ShowIpadListSegue.m in Sources */ = {isa = PBXBuildFile; fileRef = A56A133599DE2089878A966B /* ShowIpadListSegue.m */; };
		A56A15CB3DA3BD2A3C9A1DD8 /* PushLayerSegue.h in CopyFiles */ = {isa = PBXBuildFile; fileRef = A56A19F4FB3F8AAC05013DDD /* PushLayerSegue.h */; };
		A56A160876FBA2322E6930C9 /* AnswerViewCell.m in Sources */ = {isa = PBXBuildFile; fileRef = A56A1F39D3850BB351A00790 /* AnswerViewCell.m */; };
		A56A161BF78AA98726A33027 /* icon_9@2x.png in Resources */ = {isa = PBXBuildFile; fileRef = A56A1A9695505FE6E0373849 /* icon_9@2x.png */; };
		A56A1621A99322CABE72B5F5 /* icon_1@2x.png in Resources */ = {isa = PBXBuildFile; fileRef = A56A18BCC1B06EEBB2B23748 /* icon_1@2x.png */; };
		A56A16AA54D4180207DA8842 /* PushLayerSegue.m in Sources */ = {isa = PBXBuildFile; fileRef = A56A125A8CEB591F9529E586 /* PushLayerSegue.m */; };
		A56A17102E36DFEFEBF11375 /* element-locked@2x.png in Resources */ = {isa = PBXBuildFile; fileRef = A56A10A05949C893FFEE8AD9 /* element-locked@2x.png */; };
		A56A17758D62CFA8A164E8CC /* ConcreateAnswerViewController.m in Sources */ = {isa = PBXBuildFile; fileRef = A56A14325489779303F64C4A /* ConcreateAnswerViewController.m */; };
		A56A178ECD21BA818FB860EA /* BooksViewController.h in CopyFiles */ = {isa = PBXBuildFile; fileRef = A56A193F9E707377BDB188D7 /* BooksViewController.h */; };
		A56A17F826DFCC83B822EBE4 /* AnswersViewController.m in Sources */ = {isa = PBXBuildFile; fileRef = A56A19FE40A2EF55F0547E2B /* AnswersViewController.m */; };
		A56A182F943D57878DC622DA /* AnswersViewFooter.m in Sources */ = {isa = PBXBuildFile; fileRef = A56A18099CC70D2430739F0D /* AnswersViewFooter.m */; };
		A56A183782DC0E8F61C0BADE /* HomeworksTableViewController.m in Sources */ = {isa = PBXBuildFile; fileRef = A56A1D08724D2D6E0F0E6E9F /* HomeworksTableViewController.m */; };
		A56A184135FF550B3A7F0082 /* SubjectTableVIewCell.h in CopyFiles */ = {isa = PBXBuildFile; fileRef = A56A1ADF44A9E293852B5B45 /* SubjectTableVIewCell.h */; };
		A56A18585FE5D760441D5563 /* SubjectsViewController.m in Sources */ = {isa = PBXBuildFile; fileRef = A56A1FE17BF410819B48D96C /* SubjectsViewController.m */; };
		A56A195479845DE55607731D /* icon_6@2x.png in Resources */ = {isa = PBXBuildFile; fileRef = A56A1543312044B358734366 /* icon_6@2x.png */; };
		A56A1A444C60A78CAA821F71 /* icon_5@2x.png in Resources */ = {isa = PBXBuildFile; fileRef = A56A189519249D51D8850EB5 /* icon_5@2x.png */; };
		A56A1AB0F9B4E4318DFB7642 /* table_button_mid_pressed@2x.png in Resources */ = {isa = PBXBuildFile; fileRef = A56A1178308F8211D5BEB5D7 /* table_button_mid_pressed@2x.png */; };
		A56A1B09BAB020D7465E9989 /* NSObject+homeWorksServiceLocator.m in Sources */ = {isa = PBXBuildFile; fileRef = A56A11C8D7B979E0D92412E5 /* NSObject+homeWorksServiceLocator.m */; };
		A56A1B0AD6A8409AD28320C1 /* BookTableViewCell.m in Sources */ = {isa = PBXBuildFile; fileRef = A56A1117080B3574D6A8D70C /* BookTableViewCell.m */; };
		A56A1B304ACD57B4C0D0A470 /* table_button_single_pressed@2x.png in Resources */ = {isa = PBXBuildFile; fileRef = A56A1E53714FA3A8B36D8C2C /* table_button_single_pressed@2x.png */; };
		A56A1B5F43834DCCF2B97F9E /* UIImage+crop.h in CopyFiles */ = {isa = PBXBuildFile; fileRef = A56A198A6D246393CE6CA476 /* UIImage+crop.h */; };
		A56A1C38B1DC8A4C85CF13CD /* InfoViewController.h in CopyFiles */ = {isa = PBXBuildFile; fileRef = A56A1C20388DA491084BDE68 /* InfoViewController.h */; };
		A56A1C572016F4FAC82DA6F6 /* icon_2@2x.png in Resources */ = {isa = PBXBuildFile; fileRef = A56A133323BCF7B71C3A69B5 /* icon_2@2x.png */; };
		A56A1C9ABBE448DC58A1668B /* icon_7@2x.png in Resources */ = {isa = PBXBuildFile; fileRef = A56A1A6E2DDDDE3026820151 /* icon_7@2x.png */; };
		A56A1D23E91F27869BC0512E /* SubjectTableVIewCell.m in Sources */ = {isa = PBXBuildFile; fileRef = A56A1909590A86CBEC5AD7AF /* SubjectTableVIewCell.m */; };
		A56A1D58E05945C3DEE0BDBF /* BooksViewController.m in Sources */ = {isa = PBXBuildFile; fileRef = A56A17836D536C022D4A7A6A /* BooksViewController.m */; };
		A56A1DAAC803AE916AA6AE9D /* StartScreenViewController.m in Sources */ = {isa = PBXBuildFile; fileRef = A56A156E4079E3000BCFF927 /* StartScreenViewController.m */; };
		A56A1DB3CAAC582BEF0A0258 /* TermTableViewCell.h in CopyFiles */ = {isa = PBXBuildFile; fileRef = A56A100983717C68C80AB82B /* TermTableViewCell.h */; };
		A56A1DC557EFEF11F910B6D6 /* table_button_single@2x.png in Resources */ = {isa = PBXBuildFile; fileRef = A56A15A09C9F24CE33C9A771 /* table_button_single@2x.png */; };
		A56A1E88BD7287681D77437B /* HomeworksTableViewController.h in CopyFiles */ = {isa = PBXBuildFile; fileRef = A56A1A683FB9ED470FEE0C5A /* HomeworksTableViewController.h */; };
		A56A1E90BC80F2E4C8054165 /* table_button_mid@2x.png in Resources */ = {isa = PBXBuildFile; fileRef = A56A18F86ACD0AEA9093D523 /* table_button_mid@2x.png */; };
		A56A1F1680A586E43B9B63FF /* icon_0@2x.png in Resources */ = {isa = PBXBuildFile; fileRef = A56A19E1341606E9A64CD8F0 /* icon_0@2x.png */; };
		A56A1F2D2513AFA70F61811E /* AnswersViewHeader.m in Sources */ = {isa = PBXBuildFile; fileRef = A56A1DAE221759AB60FD31CB /* AnswersViewHeader.m */; };
		A56A1F5EE0A9477B75F7A4F0 /* UIImage+crop.m in Sources */ = {isa = PBXBuildFile; fileRef = A56A16B07505E162DFE05258 /* UIImage+crop.m */; };
		A56A1F60AD8B11FB683750C4 /* element@2x.png in Resources */ = {isa = PBXBuildFile; fileRef = A56A105F72BAC07F90C474F5 /* element@2x.png */; };
		A56A1F8BD30F6CD86DE3068F /* MainStoryboard_iPad.storyboard in Resources */ = {isa = PBXBuildFile; fileRef = A56A10717565D0C14C4F88CF /* MainStoryboard_iPad.storyboard */; };
		A56A1FC0E013D55B5D9675E3 /* AnswerFileURL.h in CopyFiles */ = {isa = PBXBuildFile; fileRef = A56A1DB39BFCE2978D68FCB6 /* AnswerFileURL.h */; };
		A56A1FFE02F3090373960AFF /* table_button_down_pressed@2x.png in Resources */ = {isa = PBXBuildFile; fileRef = A56A15F3CD3C6640C93EA821 /* table_button_down_pressed@2x.png */; };
/* End PBXBuildFile section */

/* Begin PBXCopyFilesBuildPhase section */
		49C60A90170E2AAF009327CA /* CopyFiles */ = {
			isa = PBXCopyFilesBuildPhase;
			buildActionMask = 2147483647;
			dstPath = "";
			dstSubfolderSpec = 7;
			files = (
				A56A11F3B73EBE09BFFFFB5E /* TermsViewController.h in CopyFiles */,
				A56A11555FF85B464D084028 /* SubjectsViewController.h in CopyFiles */,
				A56A178ECD21BA818FB860EA /* BooksViewController.h in CopyFiles */,
				A56A136B32FE8CA4DFD98C36 /* AnswerViewCell.h in CopyFiles */,
				A56A1DB3CAAC582BEF0A0258 /* TermTableViewCell.h in CopyFiles */,
				A56A184135FF550B3A7F0082 /* SubjectTableVIewCell.h in CopyFiles */,
				A56A13EA496CF87C0D4B4A58 /* BookTableViewCell.h in CopyFiles */,
				A56A14C8303384916FC2F985 /* AnswersViewHeader.h in CopyFiles */,
				A56A1C38B1DC8A4C85CF13CD /* InfoViewController.h in CopyFiles */,
				A56A1FC0E013D55B5D9675E3 /* AnswerFileURL.h in CopyFiles */,
				A56A1E88BD7287681D77437B /* HomeworksTableViewController.h in CopyFiles */,
				A56A1B5F43834DCCF2B97F9E /* UIImage+crop.h in CopyFiles */,
				A56A1198228B8AAC050D7432 /* AnswersViewFooter.h in CopyFiles */,
				A56A11BEBE17D6A3CED803D3 /* ShowIpadListSegue.h in CopyFiles */,
				A56A15CB3DA3BD2A3C9A1DD8 /* PushLayerSegue.h in CopyFiles */,
				A56A11D1A84D8275F04A09DF /* ConcreateAnswerViewController.h in CopyFiles */,
			);
			runOnlyForDeploymentPostprocessing = 0;
		};
		57DA362E17DA1BCD000E41D9 /* CopyFiles */ = {
			isa = PBXCopyFilesBuildPhase;
			buildActionMask = 2147483647;
			dstPath = "";
			dstSubfolderSpec = 7;
			files = (
				57DA362F17DA1BCD000E41D9 /* TermsViewController.h in CopyFiles */,
				57DA363017DA1BCD000E41D9 /* SubjectsViewController.h in CopyFiles */,
				57DA363117DA1BCD000E41D9 /* BooksViewController.h in CopyFiles */,
				57DA363217DA1BCD000E41D9 /* AnswerViewCell.h in CopyFiles */,
				57DA363317DA1BCD000E41D9 /* TermTableViewCell.h in CopyFiles */,
				57DA363417DA1BCD000E41D9 /* SubjectTableVIewCell.h in CopyFiles */,
				57DA363517DA1BCD000E41D9 /* BookTableViewCell.h in CopyFiles */,
				57DA363617DA1BCD000E41D9 /* AnswersViewHeader.h in CopyFiles */,
				57DA363717DA1BCD000E41D9 /* InfoViewController.h in CopyFiles */,
				57DA363817DA1BCD000E41D9 /* AnswerFileURL.h in CopyFiles */,
				57DA363917DA1BCD000E41D9 /* HomeworksTableViewController.h in CopyFiles */,
				57DA363A17DA1BCD000E41D9 /* UIImage+crop.h in CopyFiles */,
				57DA363B17DA1BCD000E41D9 /* AnswersViewFooter.h in CopyFiles */,
				57DA363C17DA1BCD000E41D9 /* ShowIpadListSegue.h in CopyFiles */,
				57DA363D17DA1BCD000E41D9 /* PushLayerSegue.h in CopyFiles */,
				57DA363E17DA1BCD000E41D9 /* ConcreateAnswerViewController.h in CopyFiles */,
			);
			runOnlyForDeploymentPostprocessing = 0;
		};
/* End PBXCopyFilesBuildPhase section */

/* Begin PBXFileReference section */
		0D877E36C9014414BF51AAF5 /* libPods.a */ = {isa = PBXFileReference; explicitFileType = archive.ar; includeInIndex = 0; path = libPods.a; sourceTree = BUILT_PRODUCTS_DIR; };
		493377681722EAC6008E0CDA /* bar.png */ = {isa = PBXFileReference; lastKnownFileType = image.png; path = bar.png; sourceTree = "<group>"; };
		4933776A1722EAE5008E0CDA /* table_button_down_pressed.png */ = {isa = PBXFileReference; lastKnownFileType = image.png; path = table_button_down_pressed.png; sourceTree = "<group>"; };
		4933776B1722EAE5008E0CDA /* table_button_down.png */ = {isa = PBXFileReference; lastKnownFileType = image.png; path = table_button_down.png; sourceTree = "<group>"; };
		4933776C1722EAE5008E0CDA /* table_button_mid_pressed.png */ = {isa = PBXFileReference; lastKnownFileType = image.png; path = table_button_mid_pressed.png; sourceTree = "<group>"; };
		4933776D1722EAE5008E0CDA /* table_button_mid.png */ = {isa = PBXFileReference; lastKnownFileType = image.png; path = table_button_mid.png; sourceTree = "<group>"; };
		4933776E1722EAE5008E0CDA /* table_button_single_pressed.png */ = {isa = PBXFileReference; lastKnownFileType = image.png; path = table_button_single_pressed.png; sourceTree = "<group>"; };
		4933776F1722EAE5008E0CDA /* table_button_single.png */ = {isa = PBXFileReference; lastKnownFileType = image.png; path = table_button_single.png; sourceTree = "<group>"; };
		493377701722EAE5008E0CDA /* table_button_top_pressed.png */ = {isa = PBXFileReference; lastKnownFileType = image.png; path = table_button_top_pressed.png; sourceTree = "<group>"; };
		493377711722EAE5008E0CDA /* table_button_top.png */ = {isa = PBXFileReference; lastKnownFileType = image.png; path = table_button_top.png; sourceTree = "<group>"; };
		493377721722EAE5008E0CDA /* tableBackgroundIpad@2x.png */ = {isa = PBXFileReference; lastKnownFileType = image.png; path = "tableBackgroundIpad@2x.png"; sourceTree = "<group>"; };
		4933777C1722EF08008E0CDA /* MessageUI.framework */ = {isa = PBXFileReference; lastKnownFileType = wrapper.framework; name = MessageUI.framework; path = System/Library/Frameworks/MessageUI.framework; sourceTree = SDKROOT; };
		494EE8CB171C829000BDE45D /* settings_pressed.png */ = {isa = PBXFileReference; lastKnownFileType = image.png; path = settings_pressed.png; sourceTree = "<group>"; };
		494EE8CC171C829000BDE45D /* settings_pressed@2x.png */ = {isa = PBXFileReference; lastKnownFileType = image.png; path = "settings_pressed@2x.png"; sourceTree = "<group>"; };
		494EE8CD171C829000BDE45D /* settings.png */ = {isa = PBXFileReference; lastKnownFileType = image.png; path = settings.png; sourceTree = "<group>"; };
		494EE8CE171C829000BDE45D /* settings@2x.png */ = {isa = PBXFileReference; lastKnownFileType = image.png; path = "settings@2x.png"; sourceTree = "<group>"; };
		494EE8D3171C877900BDE45D /* icon_0.png */ = {isa = PBXFileReference; lastKnownFileType = image.png; path = icon_0.png; sourceTree = "<group>"; };
		494EE8D4171C877900BDE45D /* icon_1.png */ = {isa = PBXFileReference; lastKnownFileType = image.png; path = icon_1.png; sourceTree = "<group>"; };
		494EE8D5171C877900BDE45D /* icon_2.png */ = {isa = PBXFileReference; lastKnownFileType = image.png; path = icon_2.png; sourceTree = "<group>"; };
		494EE8D6171C877900BDE45D /* icon_3.png */ = {isa = PBXFileReference; lastKnownFileType = image.png; path = icon_3.png; sourceTree = "<group>"; };
		494EE8D7171C877900BDE45D /* icon_4.png */ = {isa = PBXFileReference; lastKnownFileType = image.png; path = icon_4.png; sourceTree = "<group>"; };
		494EE8D8171C877900BDE45D /* icon_5.png */ = {isa = PBXFileReference; lastKnownFileType = image.png; path = icon_5.png; sourceTree = "<group>"; };
		494EE8D9171C877900BDE45D /* icon_6.png */ = {isa = PBXFileReference; lastKnownFileType = image.png; path = icon_6.png; sourceTree = "<group>"; };
		494EE8DA171C877900BDE45D /* icon_7.png */ = {isa = PBXFileReference; lastKnownFileType = image.png; path = icon_7.png; sourceTree = "<group>"; };
		494EE8DB171C877900BDE45D /* icon_8.png */ = {isa = PBXFileReference; lastKnownFileType = image.png; path = icon_8.png; sourceTree = "<group>"; };
		494EE8DC171C877900BDE45D /* icon_9.png */ = {isa = PBXFileReference; lastKnownFileType = image.png; path = icon_9.png; sourceTree = "<group>"; };
		494EE8DD171C877900BDE45D /* icon_10.png */ = {isa = PBXFileReference; lastKnownFileType = image.png; path = icon_10.png; sourceTree = "<group>"; };
		494EE8DE171C877900BDE45D /* restore_purchases.png */ = {isa = PBXFileReference; lastKnownFileType = image.png; path = restore_purchases.png; sourceTree = "<group>"; };
		494EE8EB171C8E7400BDE45D /* icon144-no-borders.png */ = {isa = PBXFileReference; lastKnownFileType = image.png; path = "icon144-no-borders.png"; sourceTree = "<group>"; };
		496355751712E51700EEB5DA /* icon57.png */ = {isa = PBXFileReference; lastKnownFileType = image.png; name = icon57.png; path = images/icon57.png; sourceTree = "<group>"; };
		496355771712E51A00EEB5DA /* icon114.png */ = {isa = PBXFileReference; lastKnownFileType = image.png; name = icon114.png; path = images/icon114.png; sourceTree = "<group>"; };
		496355791712E52600EEB5DA /* icon72.png */ = {isa = PBXFileReference; lastKnownFileType = image.png; name = icon72.png; path = images/icon72.png; sourceTree = "<group>"; };
		4963557B1712E52D00EEB5DA /* icon144.png */ = {isa = PBXFileReference; lastKnownFileType = image.png; name = icon144.png; path = images/icon144.png; sourceTree = "<group>"; };
		4963557D1712EA4D00EEB5DA /* libxml2.dylib */ = {isa = PBXFileReference; lastKnownFileType = "compiled.mach-o.dylib"; name = libxml2.dylib; path = usr/lib/libxml2.dylib; sourceTree = SDKROOT; };
		49750CF1170B5A1300ED9AA4 /* HomeWorks.app */ = {isa = PBXFileReference; explicitFileType = wrapper.application; includeInIndex = 0; path = HomeWorks.app; sourceTree = BUILT_PRODUCTS_DIR; };
		49750CF4170B5A1300ED9AA4 /* UIKit.framework */ = {isa = PBXFileReference; lastKnownFileType = wrapper.framework; name = UIKit.framework; path = System/Library/Frameworks/UIKit.framework; sourceTree = SDKROOT; };
		49750CF6170B5A1300ED9AA4 /* Foundation.framework */ = {isa = PBXFileReference; lastKnownFileType = wrapper.framework; name = Foundation.framework; path = System/Library/Frameworks/Foundation.framework; sourceTree = SDKROOT; };
		49750CF8170B5A1300ED9AA4 /* CoreGraphics.framework */ = {isa = PBXFileReference; lastKnownFileType = wrapper.framework; name = CoreGraphics.framework; path = System/Library/Frameworks/CoreGraphics.framework; sourceTree = SDKROOT; };
		49750CFC170B5A1300ED9AA4 /* HomeWorks-Info.plist */ = {isa = PBXFileReference; lastKnownFileType = text.plist.xml; path = "HomeWorks-Info.plist"; sourceTree = "<group>"; };
		49750CFE170B5A1300ED9AA4 /* en */ = {isa = PBXFileReference; lastKnownFileType = text.plist.strings; name = en; path = en.lproj/InfoPlist.strings; sourceTree = "<group>"; };
		49750D00170B5A1300ED9AA4 /* main.m */ = {isa = PBXFileReference; lastKnownFileType = sourcecode.c.objc; path = main.m; sourceTree = "<group>"; };
		49750D02170B5A1300ED9AA4 /* HomeWorks-Prefix.pch */ = {isa = PBXFileReference; lastKnownFileType = sourcecode.c.h; path = "HomeWorks-Prefix.pch"; sourceTree = "<group>"; };
		49750D03170B5A1300ED9AA4 /* AppDelegate.h */ = {isa = PBXFileReference; lastKnownFileType = sourcecode.c.h; path = AppDelegate.h; sourceTree = "<group>"; };
		49750D04170B5A1300ED9AA4 /* AppDelegate.m */ = {isa = PBXFileReference; lastKnownFileType = sourcecode.c.objc; path = AppDelegate.m; sourceTree = "<group>"; };
		497A781B171F23B300EE86D6 /* element-locked.png */ = {isa = PBXFileReference; lastKnownFileType = image.png; path = "element-locked.png"; sourceTree = "<group>"; };
		497A781C171F23B300EE86D6 /* element.png */ = {isa = PBXFileReference; lastKnownFileType = image.png; path = element.png; sourceTree = "<group>"; };
		49AEFB131718A848003BF191 /* Default-Portrait~ipad.png */ = {isa = PBXFileReference; lastKnownFileType = image.png; path = "Default-Portrait~ipad.png"; sourceTree = "<group>"; };
		49AEFB151718A857003BF191 /* Default-Portrait@2x~ipad.png */ = {isa = PBXFileReference; lastKnownFileType = image.png; path = "Default-Portrait@2x~ipad.png"; sourceTree = "<group>"; };
		49AEFB171718A869003BF191 /* Default-Landscape~ipad.png */ = {isa = PBXFileReference; lastKnownFileType = image.png; path = "Default-Landscape~ipad.png"; sourceTree = "<group>"; };
		49AEFB191718A870003BF191 /* Default-Landscape@2x~ipad.png */ = {isa = PBXFileReference; lastKnownFileType = image.png; path = "Default-Landscape@2x~ipad.png"; sourceTree = "<group>"; };
		49B713DD170CB0580032B42E /* QuickLook.framework */ = {isa = PBXFileReference; lastKnownFileType = wrapper.framework; name = QuickLook.framework; path = System/Library/Frameworks/QuickLook.framework; sourceTree = SDKROOT; };
		49C60A75170E2784009327CA /* Cocoa.framework */ = {isa = PBXFileReference; lastKnownFileType = wrapper.framework; name = Cocoa.framework; path = Library/Frameworks/Cocoa.framework; sourceTree = DEVELOPER_DIR; };
		49C60A78170E2784009327CA /* AppKit.framework */ = {isa = PBXFileReference; lastKnownFileType = wrapper.framework; name = AppKit.framework; path = Library/Frameworks/AppKit.framework; sourceTree = SDKROOT; };
		49C60A79170E2784009327CA /* CoreData.framework */ = {isa = PBXFileReference; lastKnownFileType = wrapper.framework; name = CoreData.framework; path = Library/Frameworks/CoreData.framework; sourceTree = SDKROOT; };
		49C60A7A170E2784009327CA /* Foundation.framework */ = {isa = PBXFileReference; lastKnownFileType = wrapper.framework; name = Foundation.framework; path = Library/Frameworks/Foundation.framework; sourceTree = SDKROOT; };
		49C60A93170E2C3F009327CA /* Homeworks.bundle */ = {isa = PBXFileReference; lastKnownFileType = "wrapper.plug-in"; path = Homeworks.bundle; sourceTree = "<group>"; };
		49EAF44D170F1BBA0023DA83 /* StoreKit.framework */ = {isa = PBXFileReference; lastKnownFileType = wrapper.framework; name = StoreKit.framework; path = System/Library/Frameworks/StoreKit.framework; sourceTree = SDKROOT; };
		49EEE1FE17181047009E1BBF /* Default@2x.png */ = {isa = PBXFileReference; lastKnownFileType = image.png; name = "Default@2x.png"; path = "images/Default@2x.png"; sourceTree = "<group>"; };
		49EEE2001718105B009E1BBF /* Default-568h@2x.png */ = {isa = PBXFileReference; lastKnownFileType = image.png; name = "Default-568h@2x.png"; path = "images/Default-568h@2x.png"; sourceTree = "<group>"; };
		49EEE20217181074009E1BBF /* Default.png */ = {isa = PBXFileReference; lastKnownFileType = image.png; name = Default.png; path = images/Default.png; sourceTree = "<group>"; };
		4E79B826762A42AB88472CC9 /* Pods.xcconfig */ = {isa = PBXFileReference; includeInIndex = 1; lastKnownFileType = text.xcconfig; name = Pods.xcconfig; path = Pods/Pods.xcconfig; sourceTree = SOURCE_ROOT; };
		57DA364217DA1BCD000E41D9 /* HomeWorks Pro.app */ = {isa = PBXFileReference; explicitFileType = wrapper.application; includeInIndex = 0; path = "HomeWorks Pro.app"; sourceTree = BUILT_PRODUCTS_DIR; };
		57DA364317DA1BCD000E41D9 /* HomeWorks-Pro-Info.plist */ = {isa = PBXFileReference; lastKnownFileType = text.plist.xml; name = "HomeWorks-Pro-Info.plist"; path = "/Users/alexeystarovoitov/XCode Projects/itube/HomeWorks-Pro-Info.plist"; sourceTree = "<absolute>"; };
		A56A100983717C68C80AB82B /* TermTableViewCell.h */ = {isa = PBXFileReference; fileEncoding = 4; lastKnownFileType = sourcecode.c.h; path = TermTableViewCell.h; sourceTree = "<group>"; };
		A56A1014B5638168D3E42519 /* ShowIpadListSegue.h */ = {isa = PBXFileReference; fileEncoding = 4; lastKnownFileType = sourcecode.c.h; path = ShowIpadListSegue.h; sourceTree = "<group>"; };
		A56A10372EFAFB2A4F58F41F /* InfoViewController.m */ = {isa = PBXFileReference; fileEncoding = 4; lastKnownFileType = sourcecode.c.objc; path = InfoViewController.m; sourceTree = "<group>"; };
		A56A105F72BAC07F90C474F5 /* element@2x.png */ = {isa = PBXFileReference; lastKnownFileType = image.png; path = "element@2x.png"; sourceTree = "<group>"; };
		A56A106E10B551E855FE5CD5 /* en */ = {isa = PBXFileReference; lastKnownFileType = file.storyboard; name = en; path = HomeWorks/en.lproj/MainStoryboard_iPad.storyboard; sourceTree = SOURCE_ROOT; };
		A56A10732A21C11AE6B47D6A /* tableBackground@2x.png */ = {isa = PBXFileReference; lastKnownFileType = image.png; path = "tableBackground@2x.png"; sourceTree = "<group>"; };
		A56A1092FAAB82E7DDCF7428 /* BookTableViewCell.h */ = {isa = PBXFileReference; fileEncoding = 4; lastKnownFileType = sourcecode.c.h; path = BookTableViewCell.h; sourceTree = "<group>"; };
		A56A10A05949C893FFEE8AD9 /* element-locked@2x.png */ = {isa = PBXFileReference; lastKnownFileType = image.png; path = "element-locked@2x.png"; sourceTree = "<group>"; };
		A56A10E08CA85227B3AD7A8E /* icon_10@2x.png */ = {isa = PBXFileReference; lastKnownFileType = image.png; path = "icon_10@2x.png"; sourceTree = "<group>"; };
		A56A1117080B3574D6A8D70C /* BookTableViewCell.m */ = {isa = PBXFileReference; fileEncoding = 4; lastKnownFileType = sourcecode.c.objc; path = BookTableViewCell.m; sourceTree = "<group>"; };
		A56A1178308F8211D5BEB5D7 /* table_button_mid_pressed@2x.png */ = {isa = PBXFileReference; lastKnownFileType = image.png; path = "table_button_mid_pressed@2x.png"; sourceTree = "<group>"; };
		A56A11C8D7B979E0D92412E5 /* NSObject+homeWorksServiceLocator.m */ = {isa = PBXFileReference; fileEncoding = 4; lastKnownFileType = sourcecode.c.objc; path = "NSObject+homeWorksServiceLocator.m"; sourceTree = "<group>"; };
		A56A11DFF149FC75E7B4B148 /* StartScreenViewController.h */ = {isa = PBXFileReference; fileEncoding = 4; lastKnownFileType = sourcecode.c.h; path = StartScreenViewController.h; sourceTree = "<group>"; };
		A56A123732927F7AE32EE906 /* bar@2x.png */ = {isa = PBXFileReference; lastKnownFileType = image.png; path = "bar@2x.png"; sourceTree = "<group>"; };
		A56A125A8CEB591F9529E586 /* PushLayerSegue.m */ = {isa = PBXFileReference; fileEncoding = 4; lastKnownFileType = sourcecode.c.objc; path = PushLayerSegue.m; sourceTree = "<group>"; };
		A56A12D67073BA0094EC3460 /* AnswerViewCell.h */ = {isa = PBXFileReference; fileEncoding = 4; lastKnownFileType = sourcecode.c.h; path = AnswerViewCell.h; sourceTree = "<group>"; };
		A56A1327335BF7403CC9BBDA /* TermTableViewCell.m */ = {isa = PBXFileReference; fileEncoding = 4; lastKnownFileType = sourcecode.c.objc; path = TermTableViewCell.m; sourceTree = "<group>"; };
		A56A133323BCF7B71C3A69B5 /* icon_2@2x.png */ = {isa = PBXFileReference; lastKnownFileType = image.png; path = "icon_2@2x.png"; sourceTree = "<group>"; };
		A56A133599DE2089878A966B /* ShowIpadListSegue.m */ = {isa = PBXFileReference; fileEncoding = 4; lastKnownFileType = sourcecode.c.objc; path = ShowIpadListSegue.m; sourceTree = "<group>"; };
		A56A13DCE63D602E38B5FB28 /* icon_4@2x.png */ = {isa = PBXFileReference; lastKnownFileType = image.png; path = "icon_4@2x.png"; sourceTree = "<group>"; };
		A56A14325489779303F64C4A /* ConcreateAnswerViewController.m */ = {isa = PBXFileReference; fileEncoding = 4; lastKnownFileType = sourcecode.c.objc; path = ConcreateAnswerViewController.m; sourceTree = "<group>"; };
		A56A1502A9262C834672A558 /* SubjectsViewController.h */ = {isa = PBXFileReference; fileEncoding = 4; lastKnownFileType = sourcecode.c.h; path = SubjectsViewController.h; sourceTree = "<group>"; };
		A56A1543312044B358734366 /* icon_6@2x.png */ = {isa = PBXFileReference; lastKnownFileType = image.png; path = "icon_6@2x.png"; sourceTree = "<group>"; };
		A56A156E4079E3000BCFF927 /* StartScreenViewController.m */ = {isa = PBXFileReference; fileEncoding = 4; lastKnownFileType = sourcecode.c.objc; path = StartScreenViewController.m; sourceTree = "<group>"; };
		A56A15A09C9F24CE33C9A771 /* table_button_single@2x.png */ = {isa = PBXFileReference; lastKnownFileType = image.png; path = "table_button_single@2x.png"; sourceTree = "<group>"; };
		A56A15CB774EB0A84FC9D920 /* AnswerFileURL.m */ = {isa = PBXFileReference; fileEncoding = 4; lastKnownFileType = sourcecode.c.objc; path = AnswerFileURL.m; sourceTree = "<group>"; };
		A56A15F3CD3C6640C93EA821 /* table_button_down_pressed@2x.png */ = {isa = PBXFileReference; lastKnownFileType = image.png; path = "table_button_down_pressed@2x.png"; sourceTree = "<group>"; };
		A56A165B5B86881D32761C9E /* table_button_down@2x.png */ = {isa = PBXFileReference; lastKnownFileType = image.png; path = "table_button_down@2x.png"; sourceTree = "<group>"; };
		A56A16B07505E162DFE05258 /* UIImage+crop.m */ = {isa = PBXFileReference; fileEncoding = 4; lastKnownFileType = sourcecode.c.objc; path = "UIImage+crop.m"; sourceTree = "<group>"; };
		A56A173BFAC8E0AE5642F505 /* icon_3@2x.png */ = {isa = PBXFileReference; lastKnownFileType = image.png; path = "icon_3@2x.png"; sourceTree = "<group>"; };
		A56A17836D536C022D4A7A6A /* BooksViewController.m */ = {isa = PBXFileReference; fileEncoding = 4; lastKnownFileType = sourcecode.c.objc; path = BooksViewController.m; sourceTree = "<group>"; };
		A56A17F5725C448AD182460E /* AnswersViewController.h */ = {isa = PBXFileReference; fileEncoding = 4; lastKnownFileType = sourcecode.c.h; path = AnswersViewController.h; sourceTree = "<group>"; };
		A56A18099CC70D2430739F0D /* AnswersViewFooter.m */ = {isa = PBXFileReference; fileEncoding = 4; lastKnownFileType = sourcecode.c.objc; path = AnswersViewFooter.m; sourceTree = "<group>"; };
		A56A182D835AA39F947BBC12 /* icon_8@2x.png */ = {isa = PBXFileReference; lastKnownFileType = image.png; path = "icon_8@2x.png"; sourceTree = "<group>"; };
		A56A189519249D51D8850EB5 /* icon_5@2x.png */ = {isa = PBXFileReference; lastKnownFileType = image.png; path = "icon_5@2x.png"; sourceTree = "<group>"; };
		A56A18BCC1B06EEBB2B23748 /* icon_1@2x.png */ = {isa = PBXFileReference; lastKnownFileType = image.png; path = "icon_1@2x.png"; sourceTree = "<group>"; };
		A56A18F86ACD0AEA9093D523 /* table_button_mid@2x.png */ = {isa = PBXFileReference; lastKnownFileType = image.png; path = "table_button_mid@2x.png"; sourceTree = "<group>"; };
		A56A1909590A86CBEC5AD7AF /* SubjectTableVIewCell.m */ = {isa = PBXFileReference; fileEncoding = 4; lastKnownFileType = sourcecode.c.objc; path = SubjectTableVIewCell.m; sourceTree = "<group>"; };
		A56A193F9E707377BDB188D7 /* BooksViewController.h */ = {isa = PBXFileReference; fileEncoding = 4; lastKnownFileType = sourcecode.c.h; path = BooksViewController.h; sourceTree = "<group>"; };
		A56A196980BEC5B66AD919EE /* table_button_top_pressed@2x.png */ = {isa = PBXFileReference; lastKnownFileType = image.png; path = "table_button_top_pressed@2x.png"; sourceTree = "<group>"; };
		A56A1977D03C72A8034D016E /* TermsViewController.h */ = {isa = PBXFileReference; fileEncoding = 4; lastKnownFileType = sourcecode.c.h; path = TermsViewController.h; sourceTree = "<group>"; };
		A56A198A6D246393CE6CA476 /* UIImage+crop.h */ = {isa = PBXFileReference; fileEncoding = 4; lastKnownFileType = sourcecode.c.h; path = "UIImage+crop.h"; sourceTree = "<group>"; };
		A56A19E1341606E9A64CD8F0 /* icon_0@2x.png */ = {isa = PBXFileReference; lastKnownFileType = image.png; path = "icon_0@2x.png"; sourceTree = "<group>"; };
		A56A19F4FB3F8AAC05013DDD /* PushLayerSegue.h */ = {isa = PBXFileReference; fileEncoding = 4; lastKnownFileType = sourcecode.c.h; path = PushLayerSegue.h; sourceTree = "<group>"; };
		A56A19FE40A2EF55F0547E2B /* AnswersViewController.m */ = {isa = PBXFileReference; fileEncoding = 4; lastKnownFileType = sourcecode.c.objc; path = AnswersViewController.m; sourceTree = "<group>"; };
		A56A1A683FB9ED470FEE0C5A /* HomeworksTableViewController.h */ = {isa = PBXFileReference; fileEncoding = 4; lastKnownFileType = sourcecode.c.h; path = HomeworksTableViewController.h; sourceTree = "<group>"; };
		A56A1A6E2DDDDE3026820151 /* icon_7@2x.png */ = {isa = PBXFileReference; lastKnownFileType = image.png; path = "icon_7@2x.png"; sourceTree = "<group>"; };
		A56A1A9695505FE6E0373849 /* icon_9@2x.png */ = {isa = PBXFileReference; lastKnownFileType = image.png; path = "icon_9@2x.png"; sourceTree = "<group>"; };
		A56A1AD8E917244405659786 /* table_button_top@2x.png */ = {isa = PBXFileReference; lastKnownFileType = image.png; path = "table_button_top@2x.png"; sourceTree = "<group>"; };
		A56A1ADF44A9E293852B5B45 /* SubjectTableVIewCell.h */ = {isa = PBXFileReference; fileEncoding = 4; lastKnownFileType = sourcecode.c.h; path = SubjectTableVIewCell.h; sourceTree = "<group>"; };
		A56A1AF8466FD683CB9C3877 /* en */ = {isa = PBXFileReference; lastKnownFileType = file.storyboard; name = en; path = HomeWorks/en.lproj/MainStoryboard_iPhone.storyboard; sourceTree = SOURCE_ROOT; };
		A56A1BD0CB10D9837ECEE494 /* restore_purchases@2x.png */ = {isa = PBXFileReference; lastKnownFileType = image.png; path = "restore_purchases@2x.png"; sourceTree = "<group>"; };
		A56A1BE847B57A0029BE4273 /* AnswersViewHeader.h */ = {isa = PBXFileReference; fileEncoding = 4; lastKnownFileType = sourcecode.c.h; path = AnswersViewHeader.h; sourceTree = "<group>"; };
		A56A1C20388DA491084BDE68 /* InfoViewController.h */ = {isa = PBXFileReference; fileEncoding = 4; lastKnownFileType = sourcecode.c.h; path = InfoViewController.h; sourceTree = "<group>"; };
		A56A1CAA1E69D8426CBDCABC /* AnswersViewFooter.h */ = {isa = PBXFileReference; fileEncoding = 4; lastKnownFileType = sourcecode.c.h; path = AnswersViewFooter.h; sourceTree = "<group>"; };
		A56A1D08724D2D6E0F0E6E9F /* HomeworksTableViewController.m */ = {isa = PBXFileReference; fileEncoding = 4; lastKnownFileType = sourcecode.c.objc; path = HomeworksTableViewController.m; sourceTree = "<group>"; };
		A56A1D65604D0D70314AD7F0 /* ConcreateAnswerViewController.h */ = {isa = PBXFileReference; fileEncoding = 4; lastKnownFileType = sourcecode.c.h; path = ConcreateAnswerViewController.h; sourceTree = "<group>"; };
		A56A1DAE221759AB60FD31CB /* AnswersViewHeader.m */ = {isa = PBXFileReference; fileEncoding = 4; lastKnownFileType = sourcecode.c.objc; path = AnswersViewHeader.m; sourceTree = "<group>"; };
		A56A1DB39BFCE2978D68FCB6 /* AnswerFileURL.h */ = {isa = PBXFileReference; fileEncoding = 4; lastKnownFileType = sourcecode.c.h; path = AnswerFileURL.h; sourceTree = "<group>"; };
		A56A1E53714FA3A8B36D8C2C /* table_button_single_pressed@2x.png */ = {isa = PBXFileReference; lastKnownFileType = image.png; path = "table_button_single_pressed@2x.png"; sourceTree = "<group>"; };
		A56A1F0C7D91FBAE6BBB347D /* NSObject+homeWorksServiceLocator.h */ = {isa = PBXFileReference; fileEncoding = 4; lastKnownFileType = sourcecode.c.h; path = "NSObject+homeWorksServiceLocator.h"; sourceTree = "<group>"; };
		A56A1F39D3850BB351A00790 /* AnswerViewCell.m */ = {isa = PBXFileReference; fileEncoding = 4; lastKnownFileType = sourcecode.c.objc; path = AnswerViewCell.m; sourceTree = "<group>"; };
		A56A1FB0E20021539C79236E /* TermsViewController.m */ = {isa = PBXFileReference; fileEncoding = 4; lastKnownFileType = sourcecode.c.objc; path = TermsViewController.m; sourceTree = "<group>"; };
		A56A1FE17BF410819B48D96C /* SubjectsViewController.m */ = {isa = PBXFileReference; fileEncoding = 4; lastKnownFileType = sourcecode.c.objc; path = SubjectsViewController.m; sourceTree = "<group>"; };
/* End PBXFileReference section */

/* Begin PBXFrameworksBuildPhase section */
		49750CEE170B5A1300ED9AA4 /* Frameworks */ = {
			isa = PBXFrameworksBuildPhase;
			buildActionMask = 2147483647;
			files = (
				4933777D1722EF08008E0CDA /* MessageUI.framework in Frameworks */,
				4963557E1712EA4D00EEB5DA /* libxml2.dylib in Frameworks */,
				49EAF44E170F1BBA0023DA83 /* StoreKit.framework in Frameworks */,
				49B713DE170CB0580032B42E /* QuickLook.framework in Frameworks */,
				49750CF5170B5A1300ED9AA4 /* UIKit.framework in Frameworks */,
				49750CF7170B5A1300ED9AA4 /* Foundation.framework in Frameworks */,
				49750CF9170B5A1300ED9AA4 /* CoreGraphics.framework in Frameworks */,
				09D6457BEA6349B19EB91D72 /* libPods.a in Frameworks */,
			);
			runOnlyForDeploymentPostprocessing = 0;
		};
		57DA35E117DA1BCD000E41D9 /* Frameworks */ = {
			isa = PBXFrameworksBuildPhase;
			buildActionMask = 2147483647;
			files = (
				57DA35E217DA1BCD000E41D9 /* MessageUI.framework in Frameworks */,
				57DA35E317DA1BCD000E41D9 /* libxml2.dylib in Frameworks */,
				57DA35E417DA1BCD000E41D9 /* StoreKit.framework in Frameworks */,
				57DA35E517DA1BCD000E41D9 /* QuickLook.framework in Frameworks */,
				57DA35E617DA1BCD000E41D9 /* UIKit.framework in Frameworks */,
				57DA35E717DA1BCD000E41D9 /* Foundation.framework in Frameworks */,
				57DA35E817DA1BCD000E41D9 /* CoreGraphics.framework in Frameworks */,
				57DA35E917DA1BCD000E41D9 /* libPods.a in Frameworks */,
			);
			runOnlyForDeploymentPostprocessing = 0;
		};
/* End PBXFrameworksBuildPhase section */

/* Begin PBXGroup section */
		49750CE8170B5A1300ED9AA4 = {
			isa = PBXGroup;
			children = (
				4933777C1722EF08008E0CDA /* MessageUI.framework */,
				494EE8EB171C8E7400BDE45D /* icon144-no-borders.png */,
				49AEFB191718A870003BF191 /* Default-Landscape@2x~ipad.png */,
				49AEFB171718A869003BF191 /* Default-Landscape~ipad.png */,
				49AEFB151718A857003BF191 /* Default-Portrait@2x~ipad.png */,
				49AEFB131718A848003BF191 /* Default-Portrait~ipad.png */,
				49750CFA170B5A1300ED9AA4 /* HomeWorks */,
				49750CF3170B5A1300ED9AA4 /* Frameworks */,
				49750CF2170B5A1300ED9AA4 /* Products */,
				4E79B826762A42AB88472CC9 /* Pods.xcconfig */,
				57DA364317DA1BCD000E41D9 /* HomeWorks-Pro-Info.plist */,
			);
			sourceTree = "<group>";
		};
		49750CF2170B5A1300ED9AA4 /* Products */ = {
			isa = PBXGroup;
			children = (
				49750CF1170B5A1300ED9AA4 /* HomeWorks.app */,
				57DA364217DA1BCD000E41D9 /* HomeWorks Pro.app */,
			);
			name = Products;
			sourceTree = "<group>";
		};
		49750CF3170B5A1300ED9AA4 /* Frameworks */ = {
			isa = PBXGroup;
			children = (
				4963557D1712EA4D00EEB5DA /* libxml2.dylib */,
				49EAF44D170F1BBA0023DA83 /* StoreKit.framework */,
				49B713DD170CB0580032B42E /* QuickLook.framework */,
				49750CF4170B5A1300ED9AA4 /* UIKit.framework */,
				49750CF6170B5A1300ED9AA4 /* Foundation.framework */,
				49750CF8170B5A1300ED9AA4 /* CoreGraphics.framework */,
				0D877E36C9014414BF51AAF5 /* libPods.a */,
				49C60A75170E2784009327CA /* Cocoa.framework */,
				49C60A77170E2784009327CA /* Other Frameworks */,
			);
			name = Frameworks;
			sourceTree = "<group>";
		};
		49750CFA170B5A1300ED9AA4 /* HomeWorks */ = {
			isa = PBXGroup;
			children = (
				49C60A93170E2C3F009327CA /* Homeworks.bundle */,
				49750D03170B5A1300ED9AA4 /* AppDelegate.h */,
				49750D04170B5A1300ED9AA4 /* AppDelegate.m */,
				49750CFB170B5A1300ED9AA4 /* Supporting Files */,
				A56A18D94B185D8D3C98CDC6 /* storyboards */,
				A56A16856FEF5E8A631AEEB1 /* viewControllers */,
				A56A14219D4BBCFF8105C25C /* utils */,
				A56A1A674AA3AC927722B01B /* images */,
			);
			path = HomeWorks;
			sourceTree = "<group>";
		};
		49750CFB170B5A1300ED9AA4 /* Supporting Files */ = {
			isa = PBXGroup;
			children = (
				49EEE20217181074009E1BBF /* Default.png */,
				49EEE2001718105B009E1BBF /* Default-568h@2x.png */,
				49EEE1FE17181047009E1BBF /* Default@2x.png */,
				4963557B1712E52D00EEB5DA /* icon144.png */,
				496355791712E52600EEB5DA /* icon72.png */,
				496355771712E51A00EEB5DA /* icon114.png */,
				496355751712E51700EEB5DA /* icon57.png */,
				49750CFC170B5A1300ED9AA4 /* HomeWorks-Info.plist */,
				49750CFD170B5A1300ED9AA4 /* InfoPlist.strings */,
				49750D00170B5A1300ED9AA4 /* main.m */,
				49750D02170B5A1300ED9AA4 /* HomeWorks-Prefix.pch */,
			);
			name = "Supporting Files";
			sourceTree = "<group>";
		};
		49C60A77170E2784009327CA /* Other Frameworks */ = {
			isa = PBXGroup;
			children = (
				49C60A78170E2784009327CA /* AppKit.framework */,
				49C60A79170E2784009327CA /* CoreData.framework */,
				49C60A7A170E2784009327CA /* Foundation.framework */,
			);
			name = "Other Frameworks";
			sourceTree = "<group>";
		};
		A56A1059B6BFA3324D097AD5 /* answersGrid */ = {
			isa = PBXGroup;
			children = (
				497A781B171F23B300EE86D6 /* element-locked.png */,
				497A781C171F23B300EE86D6 /* element.png */,
				A56A105F72BAC07F90C474F5 /* element@2x.png */,
				A56A10A05949C893FFEE8AD9 /* element-locked@2x.png */,
			);
			path = answersGrid;
			sourceTree = "<group>";
		};
		A56A14219D4BBCFF8105C25C /* utils */ = {
			isa = PBXGroup;
			children = (
				A56A11C8D7B979E0D92412E5 /* NSObject+homeWorksServiceLocator.m */,
				A56A1F0C7D91FBAE6BBB347D /* NSObject+homeWorksServiceLocator.h */,
				A56A1D08724D2D6E0F0E6E9F /* HomeworksTableViewController.m */,
				A56A1A683FB9ED470FEE0C5A /* HomeworksTableViewController.h */,
				A56A16B07505E162DFE05258 /* UIImage+crop.m */,
				A56A198A6D246393CE6CA476 /* UIImage+crop.h */,
				A56A133599DE2089878A966B /* ShowIpadListSegue.m */,
				A56A1014B5638168D3E42519 /* ShowIpadListSegue.h */,
				A56A125A8CEB591F9529E586 /* PushLayerSegue.m */,
				A56A19F4FB3F8AAC05013DDD /* PushLayerSegue.h */,
			);
			path = utils;
			sourceTree = "<group>";
		};
		A56A143B1C8BA7D44994BB80 /* terms */ = {
			isa = PBXGroup;
			children = (
				A56A1977D03C72A8034D016E /* TermsViewController.h */,
				A56A1FB0E20021539C79236E /* TermsViewController.m */,
				A56A1327335BF7403CC9BBDA /* TermTableViewCell.m */,
				A56A100983717C68C80AB82B /* TermTableViewCell.h */,
			);
			path = terms;
			sourceTree = "<group>";
		};
		A56A14D518501F59E9988978 /* subjects */ = {
			isa = PBXGroup;
			children = (
				A56A1FE17BF410819B48D96C /* SubjectsViewController.m */,
				A56A1502A9262C834672A558 /* SubjectsViewController.h */,
				A56A1909590A86CBEC5AD7AF /* SubjectTableVIewCell.m */,
				A56A1ADF44A9E293852B5B45 /* SubjectTableVIewCell.h */,
			);
			path = subjects;
			sourceTree = "<group>";
		};
		A56A16856FEF5E8A631AEEB1 /* viewControllers */ = {
			isa = PBXGroup;
			children = (
				A56A11DFF149FC75E7B4B148 /* StartScreenViewController.h */,
				A56A156E4079E3000BCFF927 /* StartScreenViewController.m */,
				A56A143B1C8BA7D44994BB80 /* terms */,
				A56A14D518501F59E9988978 /* subjects */,
				A56A1C54C11EB8827D96804B /* books */,
				A56A1C131095746B5F26B4B6 /* answers */,
				A56A1C2642A97B97FBE5460A /* info */,
			);
			path = viewControllers;
			sourceTree = "<group>";
		};
		A56A18D94B185D8D3C98CDC6 /* storyboards */ = {
			isa = PBXGroup;
			children = (
				A56A18693D546D2C7FDC9D1D /* MainStoryboard_iPhone.storyboard */,
				A56A10717565D0C14C4F88CF /* MainStoryboard_iPad.storyboard */,
			);
			path = storyboards;
			sourceTree = "<group>";
		};
		A56A1A674AA3AC927722B01B /* images */ = {
			isa = PBXGroup;
			children = (
				A56A1CFF76D5161507E78277 /* bar */,
				A56A1D440C6C3AA40B080EB8 /* table */,
				A56A1D6031AAC11A60497107 /* icons */,
				A56A1059B6BFA3324D097AD5 /* answersGrid */,
			);
			path = images;
			sourceTree = "<group>";
		};
		A56A1C131095746B5F26B4B6 /* answers */ = {
			isa = PBXGroup;
			children = (
				A56A1F39D3850BB351A00790 /* AnswerViewCell.m */,
				A56A17F5725C448AD182460E /* AnswersViewController.h */,
				A56A19FE40A2EF55F0547E2B /* AnswersViewController.m */,
				A56A12D67073BA0094EC3460 /* AnswerViewCell.h */,
				A56A1DAE221759AB60FD31CB /* AnswersViewHeader.m */,
				A56A1BE847B57A0029BE4273 /* AnswersViewHeader.h */,
				A56A15CB774EB0A84FC9D920 /* AnswerFileURL.m */,
				A56A1DB39BFCE2978D68FCB6 /* AnswerFileURL.h */,
				A56A18099CC70D2430739F0D /* AnswersViewFooter.m */,
				A56A1CAA1E69D8426CBDCABC /* AnswersViewFooter.h */,
				A56A14325489779303F64C4A /* ConcreateAnswerViewController.m */,
				A56A1D65604D0D70314AD7F0 /* ConcreateAnswerViewController.h */,
			);
			path = answers;
			sourceTree = "<group>";
		};
		A56A1C2642A97B97FBE5460A /* info */ = {
			isa = PBXGroup;
			children = (
				A56A10372EFAFB2A4F58F41F /* InfoViewController.m */,
				A56A1C20388DA491084BDE68 /* InfoViewController.h */,
			);
			path = info;
			sourceTree = "<group>";
		};
		A56A1C54C11EB8827D96804B /* books */ = {
			isa = PBXGroup;
			children = (
				A56A193F9E707377BDB188D7 /* BooksViewController.h */,
				A56A17836D536C022D4A7A6A /* BooksViewController.m */,
				A56A1117080B3574D6A8D70C /* BookTableViewCell.m */,
				A56A1092FAAB82E7DDCF7428 /* BookTableViewCell.h */,
			);
			path = books;
			sourceTree = "<group>";
		};
		A56A1CFF76D5161507E78277 /* bar */ = {
			isa = PBXGroup;
			children = (
				493377681722EAC6008E0CDA /* bar.png */,
				A56A123732927F7AE32EE906 /* bar@2x.png */,
			);
			path = bar;
			sourceTree = "<group>";
		};
		A56A1D440C6C3AA40B080EB8 /* table */ = {
			isa = PBXGroup;
			children = (
				4933776A1722EAE5008E0CDA /* table_button_down_pressed.png */,
				4933776B1722EAE5008E0CDA /* table_button_down.png */,
				4933776C1722EAE5008E0CDA /* table_button_mid_pressed.png */,
				4933776D1722EAE5008E0CDA /* table_button_mid.png */,
				4933776E1722EAE5008E0CDA /* table_button_single_pressed.png */,
				4933776F1722EAE5008E0CDA /* table_button_single.png */,
				493377701722EAE5008E0CDA /* table_button_top_pressed.png */,
				493377711722EAE5008E0CDA /* table_button_top.png */,
				493377721722EAE5008E0CDA /* tableBackgroundIpad@2x.png */,
				A56A10732A21C11AE6B47D6A /* tableBackground@2x.png */,
				A56A15F3CD3C6640C93EA821 /* table_button_down_pressed@2x.png */,
				A56A165B5B86881D32761C9E /* table_button_down@2x.png */,
				A56A1178308F8211D5BEB5D7 /* table_button_mid_pressed@2x.png */,
				A56A18F86ACD0AEA9093D523 /* table_button_mid@2x.png */,
				A56A196980BEC5B66AD919EE /* table_button_top_pressed@2x.png */,
				A56A1AD8E917244405659786 /* table_button_top@2x.png */,
				A56A1E53714FA3A8B36D8C2C /* table_button_single_pressed@2x.png */,
				A56A15A09C9F24CE33C9A771 /* table_button_single@2x.png */,
			);
			path = table;
			sourceTree = "<group>";
		};
		A56A1D6031AAC11A60497107 /* icons */ = {
			isa = PBXGroup;
			children = (
				494EE8D3171C877900BDE45D /* icon_0.png */,
				494EE8D4171C877900BDE45D /* icon_1.png */,
				494EE8D5171C877900BDE45D /* icon_2.png */,
				494EE8D6171C877900BDE45D /* icon_3.png */,
				494EE8D7171C877900BDE45D /* icon_4.png */,
				494EE8D8171C877900BDE45D /* icon_5.png */,
				494EE8D9171C877900BDE45D /* icon_6.png */,
				494EE8DA171C877900BDE45D /* icon_7.png */,
				494EE8DB171C877900BDE45D /* icon_8.png */,
				494EE8DC171C877900BDE45D /* icon_9.png */,
				494EE8DD171C877900BDE45D /* icon_10.png */,
				494EE8DE171C877900BDE45D /* restore_purchases.png */,
				494EE8CB171C829000BDE45D /* settings_pressed.png */,
				494EE8CC171C829000BDE45D /* settings_pressed@2x.png */,
				494EE8CD171C829000BDE45D /* settings.png */,
				494EE8CE171C829000BDE45D /* settings@2x.png */,
				A56A18BCC1B06EEBB2B23748 /* icon_1@2x.png */,
				A56A133323BCF7B71C3A69B5 /* icon_2@2x.png */,
				A56A173BFAC8E0AE5642F505 /* icon_3@2x.png */,
				A56A13DCE63D602E38B5FB28 /* icon_4@2x.png */,
				A56A189519249D51D8850EB5 /* icon_5@2x.png */,
				A56A1543312044B358734366 /* icon_6@2x.png */,
				A56A1A6E2DDDDE3026820151 /* icon_7@2x.png */,
				A56A182D835AA39F947BBC12 /* icon_8@2x.png */,
				A56A1A9695505FE6E0373849 /* icon_9@2x.png */,
				A56A10E08CA85227B3AD7A8E /* icon_10@2x.png */,
				A56A19E1341606E9A64CD8F0 /* icon_0@2x.png */,
				A56A1BD0CB10D9837ECEE494 /* restore_purchases@2x.png */,
			);
			path = icons;
			sourceTree = "<group>";
		};
/* End PBXGroup section */

/* Begin PBXNativeTarget section */
		49750CF0170B5A1300ED9AA4 /* HomeWorks */ = {
			isa = PBXNativeTarget;
			buildConfigurationList = 49750D17170B5A1300ED9AA4 /* Build configuration list for PBXNativeTarget "HomeWorks" */;
			buildPhases = (
				49750CED170B5A1300ED9AA4 /* Sources */,
				49750CEE170B5A1300ED9AA4 /* Frameworks */,
				49750CEF170B5A1300ED9AA4 /* Resources */,
				9563727A449343C7BF8F9A34 /* Copy Pods Resources */,
				49C60A90170E2AAF009327CA /* CopyFiles */,
			);
			buildRules = (
			);
			dependencies = (
			);
			name = HomeWorks;
			productName = HomeWorks;
			productReference = 49750CF1170B5A1300ED9AA4 /* HomeWorks.app */;
			productType = "com.apple.product-type.application";
		};
		57DA35CA17DA1BCD000E41D9 /* HomeWorks Pro */ = {
			isa = PBXNativeTarget;
			buildConfigurationList = 57DA363F17DA1BCD000E41D9 /* Build configuration list for PBXNativeTarget "HomeWorks Pro" */;
			buildPhases = (
				57DA35CB17DA1BCD000E41D9 /* Sources */,
				57DA35E117DA1BCD000E41D9 /* Frameworks */,
				57DA35EA17DA1BCD000E41D9 /* Resources */,
				57DA362D17DA1BCD000E41D9 /* Copy Pods Resources */,
				57DA362E17DA1BCD000E41D9 /* CopyFiles */,
			);
			buildRules = (
			);
			dependencies = (
			);
			name = "HomeWorks Pro";
			productName = HomeWorks;
			productReference = 57DA364217DA1BCD000E41D9 /* HomeWorks Pro.app */;
			productType = "com.apple.product-type.application";
		};
/* End PBXNativeTarget section */

/* Begin PBXProject section */
		49750CE9170B5A1300ED9AA4 /* Project object */ = {
			isa = PBXProject;
			attributes = {
				LastUpgradeCheck = 0460;
				ORGANIZATIONNAME = Trylogic;
			};
			buildConfigurationList = 49750CEC170B5A1300ED9AA4 /* Build configuration list for PBXProject "HomeWorks" */;
			compatibilityVersion = "Xcode 3.2";
			developmentRegion = English;
			hasScannedForEncodings = 0;
			knownRegions = (
				en,
			);
			mainGroup = 49750CE8170B5A1300ED9AA4;
			productRefGroup = 49750CF2170B5A1300ED9AA4 /* Products */;
			projectDirPath = "";
			projectRoot = "";
			targets = (
				49750CF0170B5A1300ED9AA4 /* HomeWorks */,
				57DA35CA17DA1BCD000E41D9 /* HomeWorks Pro */,
			);
		};
/* End PBXProject section */

/* Begin PBXResourcesBuildPhase section */
		49750CEF170B5A1300ED9AA4 /* Resources */ = {
			isa = PBXResourcesBuildPhase;
			buildActionMask = 2147483647;
			files = (
				49750CFF170B5A1300ED9AA4 /* InfoPlist.strings in Resources */,
				A56A120A3750466D1BFBC569 /* MainStoryboard_iPhone.storyboard in Resources */,
				A56A1F8BD30F6CD86DE3068F /* MainStoryboard_iPad.storyboard in Resources */,
				49C60A94170E2C3F009327CA /* Homeworks.bundle in Resources */,
				496355761712E51700EEB5DA /* icon57.png in Resources */,
				496355781712E51A00EEB5DA /* icon114.png in Resources */,
				4963557A1712E52600EEB5DA /* icon72.png in Resources */,
				4963557C1712E52D00EEB5DA /* icon144.png in Resources */,
				A56A1034972868831A7211DD /* bar@2x.png in Resources */,
				A56A1327CF4722458B5DEA1E /* tableBackground@2x.png in Resources */,
				A56A1FFE02F3090373960AFF /* table_button_down_pressed@2x.png in Resources */,
				A56A11DB2DE0ECD2CEEB2A03 /* table_button_down@2x.png in Resources */,
				A56A1AB0F9B4E4318DFB7642 /* table_button_mid_pressed@2x.png in Resources */,
				A56A1E90BC80F2E4C8054165 /* table_button_mid@2x.png in Resources */,
				A56A12BE14C826F511E1E899 /* table_button_top_pressed@2x.png in Resources */,
				A56A134FC556F0578D75B3BE /* table_button_top@2x.png in Resources */,
				A56A1621A99322CABE72B5F5 /* icon_1@2x.png in Resources */,
				A56A1C572016F4FAC82DA6F6 /* icon_2@2x.png in Resources */,
				A56A1205FC1DC015EAD85345 /* icon_3@2x.png in Resources */,
				A56A1247AA8B018C88FB6503 /* icon_4@2x.png in Resources */,
				A56A1A444C60A78CAA821F71 /* icon_5@2x.png in Resources */,
				A56A195479845DE55607731D /* icon_6@2x.png in Resources */,
				A56A1C9ABBE448DC58A1668B /* icon_7@2x.png in Resources */,
				A56A14AA230785B46916A1C0 /* icon_8@2x.png in Resources */,
				A56A161BF78AA98726A33027 /* icon_9@2x.png in Resources */,
				A56A12549E0DCC48BF613011 /* icon_10@2x.png in Resources */,
				A56A1F60AD8B11FB683750C4 /* element@2x.png in Resources */,
				A56A17102E36DFEFEBF11375 /* element-locked@2x.png in Resources */,
				A56A1B304ACD57B4C0D0A470 /* table_button_single_pressed@2x.png in Resources */,
				A56A1DC557EFEF11F910B6D6 /* table_button_single@2x.png in Resources */,
				A56A1F1680A586E43B9B63FF /* icon_0@2x.png in Resources */,
				A56A12AA39FB967111673843 /* restore_purchases@2x.png in Resources */,
				49EEE1FF17181047009E1BBF /* Default@2x.png in Resources */,
				49EEE2011718105B009E1BBF /* Default-568h@2x.png in Resources */,
				49EEE20317181074009E1BBF /* Default.png in Resources */,
				49AEFB141718A848003BF191 /* Default-Portrait~ipad.png in Resources */,
				49AEFB161718A857003BF191 /* Default-Portrait@2x~ipad.png in Resources */,
				494EE8CF171C829000BDE45D /* settings_pressed.png in Resources */,
				494EE8D0171C829000BDE45D /* settings_pressed@2x.png in Resources */,
				494EE8D1171C829000BDE45D /* settings.png in Resources */,
				494EE8D2171C829000BDE45D /* settings@2x.png in Resources */,
				494EE8DF171C877900BDE45D /* icon_0.png in Resources */,
				494EE8E0171C877900BDE45D /* icon_1.png in Resources */,
				494EE8E1171C877900BDE45D /* icon_2.png in Resources */,
				494EE8E2171C877900BDE45D /* icon_3.png in Resources */,
				494EE8E3171C877900BDE45D /* icon_4.png in Resources */,
				494EE8E4171C877900BDE45D /* icon_5.png in Resources */,
				494EE8E5171C877900BDE45D /* icon_6.png in Resources */,
				494EE8E6171C877900BDE45D /* icon_7.png in Resources */,
				494EE8E7171C877900BDE45D /* icon_8.png in Resources */,
				494EE8E8171C877900BDE45D /* icon_9.png in Resources */,
				494EE8E9171C877900BDE45D /* icon_10.png in Resources */,
				494EE8EA171C877900BDE45D /* restore_purchases.png in Resources */,
				494EE8EC171C8E7400BDE45D /* icon144-no-borders.png in Resources */,
				497A781D171F23B300EE86D6 /* element-locked.png in Resources */,
				497A781E171F23B300EE86D6 /* element.png in Resources */,
				493377691722EAC6008E0CDA /* bar.png in Resources */,
				493377731722EAE5008E0CDA /* table_button_down_pressed.png in Resources */,
				493377741722EAE5008E0CDA /* table_button_down.png in Resources */,
				493377751722EAE5008E0CDA /* table_button_mid_pressed.png in Resources */,
				493377761722EAE5008E0CDA /* table_button_mid.png in Resources */,
				493377771722EAE5008E0CDA /* table_button_single_pressed.png in Resources */,
				493377781722EAE5008E0CDA /* table_button_single.png in Resources */,
				493377791722EAE5008E0CDA /* table_button_top_pressed.png in Resources */,
				4933777A1722EAE5008E0CDA /* table_button_top.png in Resources */,
				4933777B1722EAE5008E0CDA /* tableBackgroundIpad@2x.png in Resources */,
			);
			runOnlyForDeploymentPostprocessing = 0;
		};
		57DA35EA17DA1BCD000E41D9 /* Resources */ = {
			isa = PBXResourcesBuildPhase;
			buildActionMask = 2147483647;
			files = (
				57DA35EB17DA1BCD000E41D9 /* InfoPlist.strings in Resources */,
				57DA35EC17DA1BCD000E41D9 /* MainStoryboard_iPhone.storyboard in Resources */,
				57DA35ED17DA1BCD000E41D9 /* MainStoryboard_iPad.storyboard in Resources */,
				57DA35EE17DA1BCD000E41D9 /* Homeworks.bundle in Resources */,
				57DA35EF17DA1BCD000E41D9 /* icon57.png in Resources */,
				57DA35F017DA1BCD000E41D9 /* icon114.png in Resources */,
				57DA35F117DA1BCD000E41D9 /* icon72.png in Resources */,
				57DA35F217DA1BCD000E41D9 /* icon144.png in Resources */,
				57DA35F317DA1BCD000E41D9 /* bar@2x.png in Resources */,
				57DA35F417DA1BCD000E41D9 /* tableBackground@2x.png in Resources */,
				57DA35F517DA1BCD000E41D9 /* table_button_down_pressed@2x.png in Resources */,
				57DA35F617DA1BCD000E41D9 /* table_button_down@2x.png in Resources */,
				57DA35F717DA1BCD000E41D9 /* table_button_mid_pressed@2x.png in Resources */,
				57DA35F817DA1BCD000E41D9 /* table_button_mid@2x.png in Resources */,
				57DA35F917DA1BCD000E41D9 /* table_button_top_pressed@2x.png in Resources */,
				57DA35FA17DA1BCD000E41D9 /* table_button_top@2x.png in Resources */,
				57DA35FB17DA1BCD000E41D9 /* icon_1@2x.png in Resources */,
				57DA35FC17DA1BCD000E41D9 /* icon_2@2x.png in Resources */,
				57DA35FD17DA1BCD000E41D9 /* icon_3@2x.png in Resources */,
				57DA35FE17DA1BCD000E41D9 /* icon_4@2x.png in Resources */,
				57DA35FF17DA1BCD000E41D9 /* icon_5@2x.png in Resources */,
				57DA360017DA1BCD000E41D9 /* icon_6@2x.png in Resources */,
				57DA360117DA1BCD000E41D9 /* icon_7@2x.png in Resources */,
				57DA360217DA1BCD000E41D9 /* icon_8@2x.png in Resources */,
				57DA360317DA1BCD000E41D9 /* icon_9@2x.png in Resources */,
				57DA360417DA1BCD000E41D9 /* icon_10@2x.png in Resources */,
				57DA360517DA1BCD000E41D9 /* element@2x.png in Resources */,
				57DA360617DA1BCD000E41D9 /* element-locked@2x.png in Resources */,
				57DA360717DA1BCD000E41D9 /* table_button_single_pressed@2x.png in Resources */,
				57DA360817DA1BCD000E41D9 /* table_button_single@2x.png in Resources */,
				57DA360917DA1BCD000E41D9 /* icon_0@2x.png in Resources */,
				57DA360A17DA1BCD000E41D9 /* restore_purchases@2x.png in Resources */,
				57DA360B17DA1BCD000E41D9 /* Default@2x.png in Resources */,
				57DA360C17DA1BCD000E41D9 /* Default-568h@2x.png in Resources */,
				57DA360D17DA1BCD000E41D9 /* Default.png in Resources */,
				57DA360E17DA1BCD000E41D9 /* Default-Portrait~ipad.png in Resources */,
				57DA360F17DA1BCD000E41D9 /* Default-Portrait@2x~ipad.png in Resources */,
				57DA361017DA1BCD000E41D9 /* settings_pressed.png in Resources */,
				57DA361117DA1BCD000E41D9 /* settings_pressed@2x.png in Resources */,
				57DA361217DA1BCD000E41D9 /* settings.png in Resources */,
				57DA361317DA1BCD000E41D9 /* settings@2x.png in Resources */,
				57DA361417DA1BCD000E41D9 /* icon_0.png in Resources */,
				57DA361517DA1BCD000E41D9 /* icon_1.png in Resources */,
				57DA361617DA1BCD000E41D9 /* icon_2.png in Resources */,
				57DA361717DA1BCD000E41D9 /* icon_3.png in Resources */,
				57DA361817DA1BCD000E41D9 /* icon_4.png in Resources */,
				57DA361917DA1BCD000E41D9 /* icon_5.png in Resources */,
				57DA361A17DA1BCD000E41D9 /* icon_6.png in Resources */,
				57DA361B17DA1BCD000E41D9 /* icon_7.png in Resources */,
				57DA361C17DA1BCD000E41D9 /* icon_8.png in Resources */,
				57DA361D17DA1BCD000E41D9 /* icon_9.png in Resources */,
				57DA361E17DA1BCD000E41D9 /* icon_10.png in Resources */,
				57DA361F17DA1BCD000E41D9 /* restore_purchases.png in Resources */,
				57DA362017DA1BCD000E41D9 /* icon144-no-borders.png in Resources */,
				57DA362117DA1BCD000E41D9 /* element-locked.png in Resources */,
				57DA362217DA1BCD000E41D9 /* element.png in Resources */,
				57DA362317DA1BCD000E41D9 /* bar.png in Resources */,
				57DA362417DA1BCD000E41D9 /* table_button_down_pressed.png in Resources */,
				57DA362517DA1BCD000E41D9 /* table_button_down.png in Resources */,
				57DA362617DA1BCD000E41D9 /* table_button_mid_pressed.png in Resources */,
				57DA362717DA1BCD000E41D9 /* table_button_mid.png in Resources */,
				57DA362817DA1BCD000E41D9 /* table_button_single_pressed.png in Resources */,
				57DA362917DA1BCD000E41D9 /* table_button_single.png in Resources */,
				57DA362A17DA1BCD000E41D9 /* table_button_top_pressed.png in Resources */,
				57DA362B17DA1BCD000E41D9 /* table_button_top.png in Resources */,
				57DA362C17DA1BCD000E41D9 /* tableBackgroundIpad@2x.png in Resources */,
			);
			runOnlyForDeploymentPostprocessing = 0;
		};
/* End PBXResourcesBuildPhase section */

/* Begin PBXShellScriptBuildPhase section */
		57DA362D17DA1BCD000E41D9 /* Copy Pods Resources */ = {
			isa = PBXShellScriptBuildPhase;
			buildActionMask = 2147483647;
			files = (
			);
			inputPaths = (
			);
			name = "Copy Pods Resources";
			outputPaths = (
			);
			runOnlyForDeploymentPostprocessing = 0;
			shellPath = /bin/sh;
			shellScript = "\"${SRCROOT}/Pods/Pods-resources.sh\"\n";
		};
		9563727A449343C7BF8F9A34 /* Copy Pods Resources */ = {
			isa = PBXShellScriptBuildPhase;
			buildActionMask = 2147483647;
			files = (
			);
			inputPaths = (
			);
			name = "Copy Pods Resources";
			outputPaths = (
			);
			runOnlyForDeploymentPostprocessing = 0;
			shellPath = /bin/sh;
			shellScript = "\"${SRCROOT}/Pods/Pods-resources.sh\"\n";
		};
/* End PBXShellScriptBuildPhase section */

/* Begin PBXSourcesBuildPhase section */
		49750CED170B5A1300ED9AA4 /* Sources */ = {
			isa = PBXSourcesBuildPhase;
			buildActionMask = 2147483647;
			files = (
				49750D01170B5A1300ED9AA4 /* main.m in Sources */,
				49750D05170B5A1300ED9AA4 /* AppDelegate.m in Sources */,
				A56A1DAAC803AE916AA6AE9D /* StartScreenViewController.m in Sources */,
				A56A1B09BAB020D7465E9989 /* NSObject+homeWorksServiceLocator.m in Sources */,
				A56A122A29BD55618022CC21 /* TermsViewController.m in Sources */,
				A56A18585FE5D760441D5563 /* SubjectsViewController.m in Sources */,
				A56A1D58E05945C3DEE0BDBF /* BooksViewController.m in Sources */,
				A56A160876FBA2322E6930C9 /* AnswerViewCell.m in Sources */,
				A56A17F826DFCC83B822EBE4 /* AnswersViewController.m in Sources */,
				A56A1359A1FC210649BBD764 /* TermTableViewCell.m in Sources */,
				A56A1D23E91F27869BC0512E /* SubjectTableVIewCell.m in Sources */,
				A56A1B0AD6A8409AD28320C1 /* BookTableViewCell.m in Sources */,
				A56A1F2D2513AFA70F61811E /* AnswersViewHeader.m in Sources */,
				A56A10F3B3C2C0A239AA1139 /* InfoViewController.m in Sources */,
				A56A1469FF6AD44CC0614979 /* AnswerFileURL.m in Sources */,
				A56A183782DC0E8F61C0BADE /* HomeworksTableViewController.m in Sources */,
				A56A1F5EE0A9477B75F7A4F0 /* UIImage+crop.m in Sources */,
				A56A182F943D57878DC622DA /* AnswersViewFooter.m in Sources */,
				A56A15C5FD1C3FCB66ABBCFF /* ShowIpadListSegue.m in Sources */,
				A56A16AA54D4180207DA8842 /* PushLayerSegue.m in Sources */,
				A56A17758D62CFA8A164E8CC /* ConcreateAnswerViewController.m in Sources */,
			);
			runOnlyForDeploymentPostprocessing = 0;
		};
		57DA35CB17DA1BCD000E41D9 /* Sources */ = {
			isa = PBXSourcesBuildPhase;
			buildActionMask = 2147483647;
			files = (
				57DA35CC17DA1BCD000E41D9 /* main.m in Sources */,
				57DA35CD17DA1BCD000E41D9 /* AppDelegate.m in Sources */,
				57DA35CE17DA1BCD000E41D9 /* StartScreenViewController.m in Sources */,
				57DA35CF17DA1BCD000E41D9 /* NSObject+homeWorksServiceLocator.m in Sources */,
				57DA35D017DA1BCD000E41D9 /* TermsViewController.m in Sources */,
				57DA35D117DA1BCD000E41D9 /* SubjectsViewController.m in Sources */,
				57DA35D217DA1BCD000E41D9 /* BooksViewController.m in Sources */,
				57DA35D317DA1BCD000E41D9 /* AnswerViewCell.m in Sources */,
				57DA35D417DA1BCD000E41D9 /* AnswersViewController.m in Sources */,
				57DA35D517DA1BCD000E41D9 /* TermTableViewCell.m in Sources */,
				57DA35D617DA1BCD000E41D9 /* SubjectTableVIewCell.m in Sources */,
				57DA35D717DA1BCD000E41D9 /* BookTableViewCell.m in Sources */,
				57DA35D817DA1BCD000E41D9 /* AnswersViewHeader.m in Sources */,
				57DA35D917DA1BCD000E41D9 /* InfoViewController.m in Sources */,
				57DA35DA17DA1BCD000E41D9 /* AnswerFileURL.m in Sources */,
				57DA35DB17DA1BCD000E41D9 /* HomeworksTableViewController.m in Sources */,
				57DA35DC17DA1BCD000E41D9 /* UIImage+crop.m in Sources */,
				57DA35DD17DA1BCD000E41D9 /* AnswersViewFooter.m in Sources */,
				57DA35DE17DA1BCD000E41D9 /* ShowIpadListSegue.m in Sources */,
				57DA35DF17DA1BCD000E41D9 /* PushLayerSegue.m in Sources */,
				57DA35E017DA1BCD000E41D9 /* ConcreateAnswerViewController.m in Sources */,
			);
			runOnlyForDeploymentPostprocessing = 0;
		};
/* End PBXSourcesBuildPhase section */

/* Begin PBXVariantGroup section */
		49750CFD170B5A1300ED9AA4 /* InfoPlist.strings */ = {
			isa = PBXVariantGroup;
			children = (
				49750CFE170B5A1300ED9AA4 /* en */,
			);
			name = InfoPlist.strings;
			sourceTree = "<group>";
		};
		A56A10717565D0C14C4F88CF /* MainStoryboard_iPad.storyboard */ = {
			isa = PBXVariantGroup;
			children = (
				A56A106E10B551E855FE5CD5 /* en */,
			);
			name = MainStoryboard_iPad.storyboard;
			sourceTree = "<group>";
		};
		A56A18693D546D2C7FDC9D1D /* MainStoryboard_iPhone.storyboard */ = {
			isa = PBXVariantGroup;
			children = (
				A56A1AF8466FD683CB9C3877 /* en */,
			);
			name = MainStoryboard_iPhone.storyboard;
			sourceTree = "<group>";
		};
/* End PBXVariantGroup section */

/* Begin XCBuildConfiguration section */
		49750D15170B5A1300ED9AA4 /* Debug */ = {
			isa = XCBuildConfiguration;
			buildSettings = {
				ALWAYS_SEARCH_USER_PATHS = NO;
				CLANG_CXX_LANGUAGE_STANDARD = "gnu++0x";
				CLANG_CXX_LIBRARY = "libc++";
				CLANG_ENABLE_OBJC_ARC = YES;
				CLANG_WARN_CONSTANT_CONVERSION = YES;
				CLANG_WARN_EMPTY_BODY = YES;
				CLANG_WARN_ENUM_CONVERSION = YES;
				CLANG_WARN_INT_CONVERSION = YES;
				CLANG_WARN__DUPLICATE_METHOD_MATCH = YES;
				"CODE_SIGN_IDENTITY[sdk=iphoneos*]" = "iPhone Developer";
				COPY_PHASE_STRIP = NO;
				GCC_C_LANGUAGE_STANDARD = gnu99;
				GCC_DYNAMIC_NO_PIC = NO;
				GCC_OPTIMIZATION_LEVEL = 0;
				GCC_PREPROCESSOR_DEFINITIONS = (
					"DEBUG=1",
					"$(inherited)",
				);
				GCC_SYMBOLS_PRIVATE_EXTERN = NO;
				GCC_WARN_ABOUT_RETURN_TYPE = YES;
				GCC_WARN_UNINITIALIZED_AUTOS = YES;
				GCC_WARN_UNUSED_VARIABLE = YES;
				IPHONEOS_DEPLOYMENT_TARGET = 6.1;
				ONLY_ACTIVE_ARCH = NO;
				SDKROOT = iphoneos;
				TARGETED_DEVICE_FAMILY = "1,2";
				VALID_ARCHS = "armv7 armv7s";
			};
			name = Debug;
		};
		49750D16170B5A1300ED9AA4 /* Release */ = {
			isa = XCBuildConfiguration;
			buildSettings = {
				ALWAYS_SEARCH_USER_PATHS = NO;
				CLANG_CXX_LANGUAGE_STANDARD = "gnu++0x";
				CLANG_CXX_LIBRARY = "libc++";
				CLANG_ENABLE_OBJC_ARC = YES;
				CLANG_WARN_CONSTANT_CONVERSION = YES;
				CLANG_WARN_EMPTY_BODY = YES;
				CLANG_WARN_ENUM_CONVERSION = YES;
				CLANG_WARN_INT_CONVERSION = YES;
				CLANG_WARN__DUPLICATE_METHOD_MATCH = YES;
				CODE_SIGN_IDENTITY = "iPhone Distribution";
				"CODE_SIGN_IDENTITY[sdk=iphoneos*]" = "iPhone Distribution";
				COPY_PHASE_STRIP = YES;
				GCC_C_LANGUAGE_STANDARD = gnu99;
				GCC_WARN_ABOUT_RETURN_TYPE = YES;
				GCC_WARN_UNINITIALIZED_AUTOS = YES;
				GCC_WARN_UNUSED_VARIABLE = YES;
				IPHONEOS_DEPLOYMENT_TARGET = 6.1;
				OTHER_CFLAGS = "-DNS_BLOCK_ASSERTIONS=1";
				PROVISIONING_PROFILE = "";
				"PROVISIONING_PROFILE[sdk=iphoneos*]" = "";
				SDKROOT = iphoneos;
				TARGETED_DEVICE_FAMILY = "1,2";
				VALIDATE_PRODUCT = YES;
				VALID_ARCHS = "armv7 armv7s";
			};
			name = Release;
		};
		49750D18170B5A1300ED9AA4 /* Debug */ = {
			isa = XCBuildConfiguration;
			baseConfigurationReference = 4E79B826762A42AB88472CC9 /* Pods.xcconfig */;
			buildSettings = {
				GCC_PRECOMPILE_PREFIX_HEADER = YES;
				GCC_PREFIX_HEADER = "HomeWorks/HomeWorks-Prefix.pch";
				HEADER_SEARCH_PATHS = (
					"\"$(SDK_DIR)\"/usr/include/libxml2",
					"${PODS_HEADERS_SEARCH_PATHS}",
				);
				INFOPLIST_FILE = "HomeWorks/HomeWorks-Info.plist";
				IPHONEOS_DEPLOYMENT_TARGET = 6.0;
				PRODUCT_NAME = "$(TARGET_NAME)";
				USER_HEADER_SEARCH_PATHS = "\"${PROJECT_DIR}/Pods\"/**";
				WRAPPER_EXTENSION = app;
			};
			name = Debug;
		};
		49750D19170B5A1300ED9AA4 /* Release */ = {
			isa = XCBuildConfiguration;
			baseConfigurationReference = 4E79B826762A42AB88472CC9 /* Pods.xcconfig */;
			buildSettings = {
				GCC_PRECOMPILE_PREFIX_HEADER = YES;
				GCC_PREFIX_HEADER = "HomeWorks/HomeWorks-Prefix.pch";
				HEADER_SEARCH_PATHS = (
					"\"$(SDK_DIR)\"/usr/include/libxml2",
					"${PODS_HEADERS_SEARCH_PATHS}",
				);
				INFOPLIST_FILE = "HomeWorks/HomeWorks-Info.plist";
				IPHONEOS_DEPLOYMENT_TARGET = 6.0;
				PRODUCT_NAME = "$(TARGET_NAME)";
				USER_HEADER_SEARCH_PATHS = "\"${PROJECT_DIR}/Pods\"/**";
				WRAPPER_EXTENSION = app;
			};
			name = Release;
		};
		57DA364017DA1BCD000E41D9 /* Debug */ = {
			isa = XCBuildConfiguration;
			baseConfigurationReference = 4E79B826762A42AB88472CC9 /* Pods.xcconfig */;
			buildSettings = {
				GCC_PRECOMPILE_PREFIX_HEADER = YES;
				GCC_PREFIX_HEADER = "HomeWorks/HomeWorks-Prefix.pch";
				GCC_PREPROCESSOR_DEFINITIONS = (
					"$(inherited)",
					"COCOAPODS=1",
					HW_PRO,
				);
				HEADER_SEARCH_PATHS = (
					"\"$(SDK_DIR)\"/usr/include/libxml2",
					"${PODS_HEADERS_SEARCH_PATHS}",
				);
				INFOPLIST_FILE = "HomeWorks-Pro-Info.plist";
				IPHONEOS_DEPLOYMENT_TARGET = 6.0;
				PRODUCT_NAME = "HomeWorks Pro";
				USER_HEADER_SEARCH_PATHS = "\"${PROJECT_DIR}/Pods\"/**";
				WRAPPER_EXTENSION = app;
			};
			name = Debug;
		};
		57DA364117DA1BCD000E41D9 /* Release */ = {
			isa = XCBuildConfiguration;
			baseConfigurationReference = 4E79B826762A42AB88472CC9 /* Pods.xcconfig */;
			buildSettings = {
				GCC_PRECOMPILE_PREFIX_HEADER = YES;
				GCC_PREFIX_HEADER = "HomeWorks/HomeWorks-Prefix.pch";
				GCC_PREPROCESSOR_DEFINITIONS = (
					"$(inherited)",
					"COCOAPODS=1",
					HW_PRO,
				);
				HEADER_SEARCH_PATHS = (
					"\"$(SDK_DIR)\"/usr/include/libxml2",
					"${PODS_HEADERS_SEARCH_PATHS}",
				);
				INFOPLIST_FILE = "HomeWorks-Pro-Info.plist";
				IPHONEOS_DEPLOYMENT_TARGET = 6.0;
				PRODUCT_NAME = "HomeWorks Pro";
				USER_HEADER_SEARCH_PATHS = "\"${PROJECT_DIR}/Pods\"/**";
				WRAPPER_EXTENSION = app;
			};
			name = Release;
		};
/* End XCBuildConfiguration section */

/* Begin XCConfigurationList section */
		49750CEC170B5A1300ED9AA4 /* Build configuration list for PBXProject "HomeWorks" */ = {
			isa = XCConfigurationList;
			buildConfigurations = (
				49750D15170B5A1300ED9AA4 /* Debug */,
				49750D16170B5A1300ED9AA4 /* Release */,
			);
			defaultConfigurationIsVisible = 0;
			defaultConfigurationName = Release;
		};
		49750D17170B5A1300ED9AA4 /* Build configuration list for PBXNativeTarget "HomeWorks" */ = {
			isa = XCConfigurationList;
			buildConfigurations = (
				49750D18170B5A1300ED9AA4 /* Debug */,
				49750D19170B5A1300ED9AA4 /* Release */,
			);
			defaultConfigurationIsVisible = 0;
			defaultConfigurationName = Release;
		};
		57DA363F17DA1BCD000E41D9 /* Build configuration list for PBXNativeTarget "HomeWorks Pro" */ = {
			isa = XCConfigurationList;
			buildConfigurations = (
				57DA364017DA1BCD000E41D9 /* Debug */,
				57DA364117DA1BCD000E41D9 /* Release */,
			);
			defaultConfigurationIsVisible = 0;
			defaultConfigurationName = Release;
		};
/* End XCConfigurationList section */
	};
	rootObject = 49750CE9170B5A1300ED9AA4 /* Project object */;
}
